// !$*UTF8*$!
{
	archiveVersion = 1;
	classes = {
	};
	objectVersion = 45;
	objects = {

/* Begin PBXBuildFile section */
		5D8208711011270A00B7A2B9 /* 4xm.c in Sources */ = {isa = PBXBuildFile; fileRef = 5D8207B81011270900B7A2B9 /* 4xm.c */; };
		5D8208721011270A00B7A2B9 /* adtsenc.c in Sources */ = {isa = PBXBuildFile; fileRef = 5D8207B91011270900B7A2B9 /* adtsenc.c */; };
		5D8208731011270A00B7A2B9 /* aiff.c in Sources */ = {isa = PBXBuildFile; fileRef = 5D8207BA1011270900B7A2B9 /* aiff.c */; };
		5D8208741011270A00B7A2B9 /* allformats.c in Sources */ = {isa = PBXBuildFile; fileRef = 5D8207BB1011270900B7A2B9 /* allformats.c */; };
		5D8208751011270A00B7A2B9 /* amr.c in Sources */ = {isa = PBXBuildFile; fileRef = 5D8207BC1011270900B7A2B9 /* amr.c */; };
		5D8208761011270A00B7A2B9 /* apc.c in Sources */ = {isa = PBXBuildFile; fileRef = 5D8207BD1011270900B7A2B9 /* apc.c */; };
		5D8208771011270A00B7A2B9 /* ape.c in Sources */ = {isa = PBXBuildFile; fileRef = 5D8207BE1011270900B7A2B9 /* ape.c */; };
		5D8208781011270A00B7A2B9 /* asf-enc.c in Sources */ = {isa = PBXBuildFile; fileRef = 5D8207BF1011270900B7A2B9 /* asf-enc.c */; };
		5D8208791011270A00B7A2B9 /* asf.c in Sources */ = {isa = PBXBuildFile; fileRef = 5D8207C01011270900B7A2B9 /* asf.c */; };
		5D82087A1011270A00B7A2B9 /* asf.h in Headers */ = {isa = PBXBuildFile; fileRef = 5D8207C11011270900B7A2B9 /* asf.h */; };
		5D82087B1011270A00B7A2B9 /* asfcrypt.c in Sources */ = {isa = PBXBuildFile; fileRef = 5D8207C21011270900B7A2B9 /* asfcrypt.c */; };
		5D82087C1011270A00B7A2B9 /* asfcrypt.h in Headers */ = {isa = PBXBuildFile; fileRef = 5D8207C31011270900B7A2B9 /* asfcrypt.h */; };
		5D82087D1011270A00B7A2B9 /* assdec.c in Sources */ = {isa = PBXBuildFile; fileRef = 5D8207C41011270900B7A2B9 /* assdec.c */; };
		5D82087E1011270A00B7A2B9 /* assenc.c in Sources */ = {isa = PBXBuildFile; fileRef = 5D8207C51011270900B7A2B9 /* assenc.c */; };
		5D82087F1011270A00B7A2B9 /* au.c in Sources */ = {isa = PBXBuildFile; fileRef = 5D8207C61011270900B7A2B9 /* au.c */; };
		5D8208801011270A00B7A2B9 /* avc.c in Sources */ = {isa = PBXBuildFile; fileRef = 5D8207C71011270900B7A2B9 /* avc.c */; };
		5D8208811011270A00B7A2B9 /* avc.h in Headers */ = {isa = PBXBuildFile; fileRef = 5D8207C81011270900B7A2B9 /* avc.h */; };
		5D8208821011270A00B7A2B9 /* avformat.h in Headers */ = {isa = PBXBuildFile; fileRef = 5D8207C91011270900B7A2B9 /* avformat.h */; };
		5D8208831011270A00B7A2B9 /* avi.h in Headers */ = {isa = PBXBuildFile; fileRef = 5D8207CA1011270900B7A2B9 /* avi.h */; };
		5D8208841011270A00B7A2B9 /* avidec.c in Sources */ = {isa = PBXBuildFile; fileRef = 5D8207CB1011270900B7A2B9 /* avidec.c */; };
		5D8208851011270A00B7A2B9 /* avienc.c in Sources */ = {isa = PBXBuildFile; fileRef = 5D8207CC1011270900B7A2B9 /* avienc.c */; };
		5D8208861011270A00B7A2B9 /* avio.c in Sources */ = {isa = PBXBuildFile; fileRef = 5D8207CD1011270900B7A2B9 /* avio.c */; };
		5D8208871011270A00B7A2B9 /* avio.h in Headers */ = {isa = PBXBuildFile; fileRef = 5D8207CE1011270900B7A2B9 /* avio.h */; };
		5D8208881011270A00B7A2B9 /* aviobuf.c in Sources */ = {isa = PBXBuildFile; fileRef = 5D8207CF1011270900B7A2B9 /* aviobuf.c */; };
		5D8208891011270A00B7A2B9 /* avs.c in Sources */ = {isa = PBXBuildFile; fileRef = 5D8207D01011270900B7A2B9 /* avs.c */; };
		5D82088A1011270A00B7A2B9 /* bethsoftvid.c in Sources */ = {isa = PBXBuildFile; fileRef = 5D8207D11011270900B7A2B9 /* bethsoftvid.c */; };
		5D82088B1011270A00B7A2B9 /* bfi.c in Sources */ = {isa = PBXBuildFile; fileRef = 5D8207D21011270900B7A2B9 /* bfi.c */; };
		5D82088C1011270A00B7A2B9 /* c93.c in Sources */ = {isa = PBXBuildFile; fileRef = 5D8207D31011270900B7A2B9 /* c93.c */; };
		5D82088D1011270A00B7A2B9 /* crcenc.c in Sources */ = {isa = PBXBuildFile; fileRef = 5D8207D41011270900B7A2B9 /* crcenc.c */; };
		5D82088E1011270A00B7A2B9 /* cutils.c in Sources */ = {isa = PBXBuildFile; fileRef = 5D8207D51011270900B7A2B9 /* cutils.c */; };
		5D82088F1011270A00B7A2B9 /* daud.c in Sources */ = {isa = PBXBuildFile; fileRef = 5D8207D61011270900B7A2B9 /* daud.c */; };
		5D8208901011270A00B7A2B9 /* dsicin.c in Sources */ = {isa = PBXBuildFile; fileRef = 5D8207D71011270900B7A2B9 /* dsicin.c */; };
		5D8208911011270A00B7A2B9 /* dv.c in Sources */ = {isa = PBXBuildFile; fileRef = 5D8207D81011270900B7A2B9 /* dv.c */; };
		5D8208921011270A00B7A2B9 /* dv.h in Headers */ = {isa = PBXBuildFile; fileRef = 5D8207D91011270900B7A2B9 /* dv.h */; };
		5D8208931011270A00B7A2B9 /* dvenc.c in Sources */ = {isa = PBXBuildFile; fileRef = 5D8207DA1011270900B7A2B9 /* dvenc.c */; };
		5D8208941011270A00B7A2B9 /* dxa.c in Sources */ = {isa = PBXBuildFile; fileRef = 5D8207DB1011270900B7A2B9 /* dxa.c */; };
		5D8208951011270A00B7A2B9 /* eacdata.c in Sources */ = {isa = PBXBuildFile; fileRef = 5D8207DC1011270900B7A2B9 /* eacdata.c */; };
		5D8208961011270A00B7A2B9 /* electronicarts.c in Sources */ = {isa = PBXBuildFile; fileRef = 5D8207DD1011270900B7A2B9 /* electronicarts.c */; };
		5D8208971011270A00B7A2B9 /* ffm.h in Headers */ = {isa = PBXBuildFile; fileRef = 5D8207DE1011270900B7A2B9 /* ffm.h */; };
		5D8208981011270A00B7A2B9 /* ffmdec.c in Sources */ = {isa = PBXBuildFile; fileRef = 5D8207DF1011270900B7A2B9 /* ffmdec.c */; };
		5D8208991011270A00B7A2B9 /* ffmenc.c in Sources */ = {isa = PBXBuildFile; fileRef = 5D8207E01011270900B7A2B9 /* ffmenc.c */; };
		5D82089A1011270A00B7A2B9 /* file.c in Sources */ = {isa = PBXBuildFile; fileRef = 5D8207E11011270900B7A2B9 /* file.c */; };
		5D82089B1011270A00B7A2B9 /* flic.c in Sources */ = {isa = PBXBuildFile; fileRef = 5D8207E21011270900B7A2B9 /* flic.c */; };
		5D82089C1011270A00B7A2B9 /* flv.h in Headers */ = {isa = PBXBuildFile; fileRef = 5D8207E31011270900B7A2B9 /* flv.h */; };
		5D82089D1011270A00B7A2B9 /* flvdec.c in Sources */ = {isa = PBXBuildFile; fileRef = 5D8207E41011270900B7A2B9 /* flvdec.c */; };
		5D82089E1011270A00B7A2B9 /* flvenc.c in Sources */ = {isa = PBXBuildFile; fileRef = 5D8207E51011270900B7A2B9 /* flvenc.c */; };
		5D82089F1011270A00B7A2B9 /* framecrcenc.c in Sources */ = {isa = PBXBuildFile; fileRef = 5D8207E61011270900B7A2B9 /* framecrcenc.c */; };
		5D8208A01011270A00B7A2B9 /* framehook.c in Sources */ = {isa = PBXBuildFile; fileRef = 5D8207E71011270900B7A2B9 /* framehook.c */; };
		5D8208A11011270A00B7A2B9 /* framehook.h in Headers */ = {isa = PBXBuildFile; fileRef = 5D8207E81011270900B7A2B9 /* framehook.h */; };
		5D8208A21011270A00B7A2B9 /* gif.c in Sources */ = {isa = PBXBuildFile; fileRef = 5D8207E91011270900B7A2B9 /* gif.c */; };
		5D8208A31011270A00B7A2B9 /* gxf.c in Sources */ = {isa = PBXBuildFile; fileRef = 5D8207EA1011270900B7A2B9 /* gxf.c */; };
		5D8208A41011270A00B7A2B9 /* gxf.h in Headers */ = {isa = PBXBuildFile; fileRef = 5D8207EB1011270900B7A2B9 /* gxf.h */; };
		5D8208A51011270A00B7A2B9 /* gxfenc.c in Sources */ = {isa = PBXBuildFile; fileRef = 5D8207EC1011270900B7A2B9 /* gxfenc.c */; };
		5D8208A61011270A00B7A2B9 /* http.c in Sources */ = {isa = PBXBuildFile; fileRef = 5D8207ED1011270900B7A2B9 /* http.c */; };
		5D8208A71011270A00B7A2B9 /* id3v2.c in Sources */ = {isa = PBXBuildFile; fileRef = 5D8207EE1011270900B7A2B9 /* id3v2.c */; };
		5D8208A81011270A00B7A2B9 /* id3v2.h in Headers */ = {isa = PBXBuildFile; fileRef = 5D8207EF1011270900B7A2B9 /* id3v2.h */; };
		5D8208A91011270A00B7A2B9 /* idcin.c in Sources */ = {isa = PBXBuildFile; fileRef = 5D8207F01011270900B7A2B9 /* idcin.c */; };
		5D8208AA1011270A00B7A2B9 /* idroq.c in Sources */ = {isa = PBXBuildFile; fileRef = 5D8207F11011270900B7A2B9 /* idroq.c */; };
		5D8208AB1011270A00B7A2B9 /* iff.c in Sources */ = {isa = PBXBuildFile; fileRef = 5D8207F21011270900B7A2B9 /* iff.c */; };
		5D8208AC1011270A00B7A2B9 /* img2.c in Sources */ = {isa = PBXBuildFile; fileRef = 5D8207F31011270900B7A2B9 /* img2.c */; };
		5D8208AD1011270A00B7A2B9 /* internal.h in Headers */ = {isa = PBXBuildFile; fileRef = 5D8207F41011270900B7A2B9 /* internal.h */; };
		5D8208AE1011270A00B7A2B9 /* ipmovie.c in Sources */ = {isa = PBXBuildFile; fileRef = 5D8207F51011270900B7A2B9 /* ipmovie.c */; };
		5D8208AF1011270A00B7A2B9 /* isom.c in Sources */ = {isa = PBXBuildFile; fileRef = 5D8207F61011270900B7A2B9 /* isom.c */; };
		5D8208B01011270A00B7A2B9 /* isom.h in Headers */ = {isa = PBXBuildFile; fileRef = 5D8207F71011270900B7A2B9 /* isom.h */; };
		5D8208B11011270A00B7A2B9 /* iss.c in Sources */ = {isa = PBXBuildFile; fileRef = 5D8207F81011270900B7A2B9 /* iss.c */; };
		5D8208B21011270A00B7A2B9 /* lmlm4.c in Sources */ = {isa = PBXBuildFile; fileRef = 5D8207FB1011270900B7A2B9 /* lmlm4.c */; };
		5D8208B31011270A00B7A2B9 /* matroska.c in Sources */ = {isa = PBXBuildFile; fileRef = 5D8207FC1011270900B7A2B9 /* matroska.c */; };
		5D8208B41011270A00B7A2B9 /* matroska.h in Headers */ = {isa = PBXBuildFile; fileRef = 5D8207FD1011270900B7A2B9 /* matroska.h */; };
		5D8208B51011270A00B7A2B9 /* matroskadec.c in Sources */ = {isa = PBXBuildFile; fileRef = 5D8207FE1011270900B7A2B9 /* matroskadec.c */; };
		5D8208B61011270A00B7A2B9 /* matroskaenc.c in Sources */ = {isa = PBXBuildFile; fileRef = 5D8207FF1011270900B7A2B9 /* matroskaenc.c */; };
		5D8208B71011270A00B7A2B9 /* metadata.c in Sources */ = {isa = PBXBuildFile; fileRef = 5D8208001011270900B7A2B9 /* metadata.c */; };
		5D8208B81011270A00B7A2B9 /* metadata.h in Headers */ = {isa = PBXBuildFile; fileRef = 5D8208011011270900B7A2B9 /* metadata.h */; };
		5D8208B91011270A00B7A2B9 /* metadata_compat.c in Sources */ = {isa = PBXBuildFile; fileRef = 5D8208021011270900B7A2B9 /* metadata_compat.c */; };
		5D8208BA1011270A00B7A2B9 /* mm.c in Sources */ = {isa = PBXBuildFile; fileRef = 5D8208031011270900B7A2B9 /* mm.c */; };
		5D8208BB1011270A00B7A2B9 /* mmf.c in Sources */ = {isa = PBXBuildFile; fileRef = 5D8208041011270900B7A2B9 /* mmf.c */; };
		5D8208BC1011270A00B7A2B9 /* mms_http.c in Sources */ = {isa = PBXBuildFile; fileRef = 5D8208051011270900B7A2B9 /* mms_http.c */; };
		5D8208BD1011270A00B7A2B9 /* mms_private.h in Headers */ = {isa = PBXBuildFile; fileRef = 5D8208061011270A00B7A2B9 /* mms_private.h */; };
		5D8208BE1011270A00B7A2B9 /* mms_tcp.c in Sources */ = {isa = PBXBuildFile; fileRef = 5D8208071011270A00B7A2B9 /* mms_tcp.c */; };
		5D8208BF1011270A00B7A2B9 /* mms_tcp.h in Headers */ = {isa = PBXBuildFile; fileRef = 5D8208081011270A00B7A2B9 /* mms_tcp.h */; };
		5D8208C01011270A00B7A2B9 /* mov.c in Sources */ = {isa = PBXBuildFile; fileRef = 5D8208091011270A00B7A2B9 /* mov.c */; };
		5D8208C11011270A00B7A2B9 /* movenc.c in Sources */ = {isa = PBXBuildFile; fileRef = 5D82080A1011270A00B7A2B9 /* movenc.c */; };
		5D8208C21011270A00B7A2B9 /* mp3.c in Sources */ = {isa = PBXBuildFile; fileRef = 5D82080B1011270A00B7A2B9 /* mp3.c */; };
		5D8208C31011270A00B7A2B9 /* mpc.c in Sources */ = {isa = PBXBuildFile; fileRef = 5D82080C1011270A00B7A2B9 /* mpc.c */; };
		5D8208C41011270A00B7A2B9 /* mpc8.c in Sources */ = {isa = PBXBuildFile; fileRef = 5D82080D1011270A00B7A2B9 /* mpc8.c */; };
		5D8208C51011270A00B7A2B9 /* mpeg.c in Sources */ = {isa = PBXBuildFile; fileRef = 5D82080E1011270A00B7A2B9 /* mpeg.c */; };
		5D8208C61011270A00B7A2B9 /* mpeg.h in Headers */ = {isa = PBXBuildFile; fileRef = 5D82080F1011270A00B7A2B9 /* mpeg.h */; };
		5D8208C71011270A00B7A2B9 /* mpegenc.c in Sources */ = {isa = PBXBuildFile; fileRef = 5D8208101011270A00B7A2B9 /* mpegenc.c */; };
		5D8208C81011270A00B7A2B9 /* mpegts.c in Sources */ = {isa = PBXBuildFile; fileRef = 5D8208111011270A00B7A2B9 /* mpegts.c */; };
		5D8208C91011270A00B7A2B9 /* mpegts.h in Headers */ = {isa = PBXBuildFile; fileRef = 5D8208121011270A00B7A2B9 /* mpegts.h */; };
		5D8208CA1011270A00B7A2B9 /* mpegtsenc.c in Sources */ = {isa = PBXBuildFile; fileRef = 5D8208131011270A00B7A2B9 /* mpegtsenc.c */; };
		5D8208CB1011270A00B7A2B9 /* mpjpeg.c in Sources */ = {isa = PBXBuildFile; fileRef = 5D8208141011270A00B7A2B9 /* mpjpeg.c */; };
		5D8208CC1011270A00B7A2B9 /* msnwc_tcp.c in Sources */ = {isa = PBXBuildFile; fileRef = 5D8208151011270A00B7A2B9 /* msnwc_tcp.c */; };
		5D8208CD1011270A00B7A2B9 /* mtv.c in Sources */ = {isa = PBXBuildFile; fileRef = 5D8208161011270A00B7A2B9 /* mtv.c */; };
		5D8208CE1011270A00B7A2B9 /* mvi.c in Sources */ = {isa = PBXBuildFile; fileRef = 5D8208171011270A00B7A2B9 /* mvi.c */; };
		5D8208CF1011270A00B7A2B9 /* mxf.c in Sources */ = {isa = PBXBuildFile; fileRef = 5D8208181011270A00B7A2B9 /* mxf.c */; };
		5D8208D01011270A00B7A2B9 /* mxf.h in Headers */ = {isa = PBXBuildFile; fileRef = 5D8208191011270A00B7A2B9 /* mxf.h */; };
		5D8208D11011270A00B7A2B9 /* mxfdec.c in Sources */ = {isa = PBXBuildFile; fileRef = 5D82081A1011270A00B7A2B9 /* mxfdec.c */; };
		5D8208D21011270A00B7A2B9 /* mxfenc.c in Sources */ = {isa = PBXBuildFile; fileRef = 5D82081B1011270A00B7A2B9 /* mxfenc.c */; };
		5D8208D31011270A00B7A2B9 /* network.h in Headers */ = {isa = PBXBuildFile; fileRef = 5D82081C1011270A00B7A2B9 /* network.h */; };
		5D8208D41011270A00B7A2B9 /* nsvdec.c in Sources */ = {isa = PBXBuildFile; fileRef = 5D82081D1011270A00B7A2B9 /* nsvdec.c */; };
		5D8208D51011270A00B7A2B9 /* nut.c in Sources */ = {isa = PBXBuildFile; fileRef = 5D82081E1011270A00B7A2B9 /* nut.c */; };
		5D8208D61011270A00B7A2B9 /* nut.h in Headers */ = {isa = PBXBuildFile; fileRef = 5D82081F1011270A00B7A2B9 /* nut.h */; };
		5D8208D71011270A00B7A2B9 /* nutdec.c in Sources */ = {isa = PBXBuildFile; fileRef = 5D8208201011270A00B7A2B9 /* nutdec.c */; };
		5D8208D81011270A00B7A2B9 /* nutenc.c in Sources */ = {isa = PBXBuildFile; fileRef = 5D8208211011270A00B7A2B9 /* nutenc.c */; };
		5D8208D91011270A00B7A2B9 /* nuv.c in Sources */ = {isa = PBXBuildFile; fileRef = 5D8208221011270A00B7A2B9 /* nuv.c */; };
		5D8208DA1011270A00B7A2B9 /* oggdec.c in Sources */ = {isa = PBXBuildFile; fileRef = 5D8208231011270A00B7A2B9 /* oggdec.c */; };
		5D8208DB1011270A00B7A2B9 /* oggdec.h in Headers */ = {isa = PBXBuildFile; fileRef = 5D8208241011270A00B7A2B9 /* oggdec.h */; };
		5D8208DC1011270A00B7A2B9 /* oggenc.c in Sources */ = {isa = PBXBuildFile; fileRef = 5D8208251011270A00B7A2B9 /* oggenc.c */; };
		5D8208DD1011270A00B7A2B9 /* oggparseflac.c in Sources */ = {isa = PBXBuildFile; fileRef = 5D8208261011270A00B7A2B9 /* oggparseflac.c */; };
		5D8208DE1011270A00B7A2B9 /* oggparseogm.c in Sources */ = {isa = PBXBuildFile; fileRef = 5D8208271011270A00B7A2B9 /* oggparseogm.c */; };
		5D8208DF1011270A00B7A2B9 /* oggparsespeex.c in Sources */ = {isa = PBXBuildFile; fileRef = 5D8208281011270A00B7A2B9 /* oggparsespeex.c */; };
		5D8208E01011270A00B7A2B9 /* oggparsetheora.c in Sources */ = {isa = PBXBuildFile; fileRef = 5D8208291011270A00B7A2B9 /* oggparsetheora.c */; };
		5D8208E11011270A00B7A2B9 /* oggparsevorbis.c in Sources */ = {isa = PBXBuildFile; fileRef = 5D82082A1011270A00B7A2B9 /* oggparsevorbis.c */; };
		5D8208E21011270A00B7A2B9 /* oma.c in Sources */ = {isa = PBXBuildFile; fileRef = 5D82082B1011270A00B7A2B9 /* oma.c */; };
		5D8208E31011270A00B7A2B9 /* options.c in Sources */ = {isa = PBXBuildFile; fileRef = 5D82082C1011270A00B7A2B9 /* options.c */; };
		5D8208E41011270A00B7A2B9 /* os_support.c in Sources */ = {isa = PBXBuildFile; fileRef = 5D82082D1011270A00B7A2B9 /* os_support.c */; };
		5D8208E51011270A00B7A2B9 /* os_support.h in Headers */ = {isa = PBXBuildFile; fileRef = 5D82082E1011270A00B7A2B9 /* os_support.h */; };
		5D8208E61011270A00B7A2B9 /* psxstr.c in Sources */ = {isa = PBXBuildFile; fileRef = 5D82082F1011270A00B7A2B9 /* psxstr.c */; };
		5D8208E71011270A00B7A2B9 /* pva.c in Sources */ = {isa = PBXBuildFile; fileRef = 5D8208301011270A00B7A2B9 /* pva.c */; };
		5D8208E81011270A00B7A2B9 /* qcelp_lsp.c in Sources */ = {isa = PBXBuildFile; fileRef = 5D8208311011270A00B7A2B9 /* qcelp_lsp.c */; };
		5D8208E91011270A00B7A2B9 /* qcelpdata.h in Headers */ = {isa = PBXBuildFile; fileRef = 5D8208321011270A00B7A2B9 /* qcelpdata.h */; };
		5D8208EA1011270A00B7A2B9 /* qcelpdec.c in Sources */ = {isa = PBXBuildFile; fileRef = 5D8208331011270A00B7A2B9 /* qcelpdec.c */; };
		5D8208EB1011270A00B7A2B9 /* qtpalette.h in Headers */ = {isa = PBXBuildFile; fileRef = 5D8208341011270A00B7A2B9 /* qtpalette.h */; };
		5D8208EC1011270A00B7A2B9 /* r3d.c in Sources */ = {isa = PBXBuildFile; fileRef = 5D8208351011270A00B7A2B9 /* r3d.c */; };
		5D8208ED1011270A00B7A2B9 /* raw.c in Sources */ = {isa = PBXBuildFile; fileRef = 5D8208361011270A00B7A2B9 /* raw.c */; };
		5D8208EE1011270A00B7A2B9 /* raw.h in Headers */ = {isa = PBXBuildFile; fileRef = 5D8208371011270A00B7A2B9 /* raw.h */; };
		5D8208EF1011270A00B7A2B9 /* rdt.c in Sources */ = {isa = PBXBuildFile; fileRef = 5D8208381011270A00B7A2B9 /* rdt.c */; };
		5D8208F01011270A00B7A2B9 /* rdt.h in Headers */ = {isa = PBXBuildFile; fileRef = 5D8208391011270A00B7A2B9 /* rdt.h */; };
		5D8208F11011270A00B7A2B9 /* riff.c in Sources */ = {isa = PBXBuildFile; fileRef = 5D82083A1011270A00B7A2B9 /* riff.c */; };
		5D8208F21011270A00B7A2B9 /* riff.h in Headers */ = {isa = PBXBuildFile; fileRef = 5D82083B1011270A00B7A2B9 /* riff.h */; };
		5D8208F31011270A00B7A2B9 /* rl2.c in Sources */ = {isa = PBXBuildFile; fileRef = 5D82083C1011270A00B7A2B9 /* rl2.c */; };
		5D8208F41011270A00B7A2B9 /* rm.h in Headers */ = {isa = PBXBuildFile; fileRef = 5D82083D1011270A00B7A2B9 /* rm.h */; };
		5D8208F51011270A00B7A2B9 /* rmdec.c in Sources */ = {isa = PBXBuildFile; fileRef = 5D82083E1011270A00B7A2B9 /* rmdec.c */; };
		5D8208F61011270A00B7A2B9 /* rmenc.c in Sources */ = {isa = PBXBuildFile; fileRef = 5D82083F1011270A00B7A2B9 /* rmenc.c */; };
		5D8208F71011270A00B7A2B9 /* rpl.c in Sources */ = {isa = PBXBuildFile; fileRef = 5D8208401011270A00B7A2B9 /* rpl.c */; };
		5D8208F91011270A00B7A2B9 /* rtmp.h in Headers */ = {isa = PBXBuildFile; fileRef = 5D8208421011270A00B7A2B9 /* rtmp.h */; };
		5D8208FA1011270A00B7A2B9 /* rtp.c in Sources */ = {isa = PBXBuildFile; fileRef = 5D8208431011270A00B7A2B9 /* rtp.c */; };
		5D8208FB1011270A00B7A2B9 /* rtp.h in Headers */ = {isa = PBXBuildFile; fileRef = 5D8208441011270A00B7A2B9 /* rtp.h */; };
		5D8208FC1011270A00B7A2B9 /* rtp_aac.c in Sources */ = {isa = PBXBuildFile; fileRef = 5D8208451011270A00B7A2B9 /* rtp_aac.c */; };
		5D8208FD1011270A00B7A2B9 /* rtp_aac.h in Headers */ = {isa = PBXBuildFile; fileRef = 5D8208461011270A00B7A2B9 /* rtp_aac.h */; };
		5D8208FE1011270A00B7A2B9 /* rtp_asf.c in Sources */ = {isa = PBXBuildFile; fileRef = 5D8208471011270A00B7A2B9 /* rtp_asf.c */; };
		5D8208FF1011270A00B7A2B9 /* rtp_asf.h in Headers */ = {isa = PBXBuildFile; fileRef = 5D8208481011270A00B7A2B9 /* rtp_asf.h */; };
		5D8209001011270A00B7A2B9 /* rtp_h264.c in Sources */ = {isa = PBXBuildFile; fileRef = 5D8208491011270A00B7A2B9 /* rtp_h264.c */; };
		5D8209011011270A00B7A2B9 /* rtp_h264.h in Headers */ = {isa = PBXBuildFile; fileRef = 5D82084A1011270A00B7A2B9 /* rtp_h264.h */; };
		5D8209021011270A00B7A2B9 /* rtp_internal.h in Headers */ = {isa = PBXBuildFile; fileRef = 5D82084B1011270A00B7A2B9 /* rtp_internal.h */; };
		5D8209031011270A00B7A2B9 /* rtp_mpv.c in Sources */ = {isa = PBXBuildFile; fileRef = 5D82084C1011270A00B7A2B9 /* rtp_mpv.c */; };
		5D8209041011270A00B7A2B9 /* rtp_mpv.h in Headers */ = {isa = PBXBuildFile; fileRef = 5D82084D1011270A00B7A2B9 /* rtp_mpv.h */; };
		5D8209051011270A00B7A2B9 /* rtpdec.c in Sources */ = {isa = PBXBuildFile; fileRef = 5D82084E1011270A00B7A2B9 /* rtpdec.c */; };
		5D8209061011270A00B7A2B9 /* rtpenc.c in Sources */ = {isa = PBXBuildFile; fileRef = 5D82084F1011270A00B7A2B9 /* rtpenc.c */; };
		5D8209071011270A00B7A2B9 /* rtpenc_h264.c in Sources */ = {isa = PBXBuildFile; fileRef = 5D8208501011270A00B7A2B9 /* rtpenc_h264.c */; };
		5D8209081011270A00B7A2B9 /* rtpproto.c in Sources */ = {isa = PBXBuildFile; fileRef = 5D8208511011270A00B7A2B9 /* rtpproto.c */; };
		5D8209091011270A00B7A2B9 /* rtsp.c in Sources */ = {isa = PBXBuildFile; fileRef = 5D8208521011270A00B7A2B9 /* rtsp.c */; };
		5D82090A1011270A00B7A2B9 /* rtsp.h in Headers */ = {isa = PBXBuildFile; fileRef = 5D8208531011270A00B7A2B9 /* rtsp.h */; };
		5D82090B1011270A00B7A2B9 /* rtspcodes.h in Headers */ = {isa = PBXBuildFile; fileRef = 5D8208541011270A00B7A2B9 /* rtspcodes.h */; };
		5D82090C1011270A00B7A2B9 /* sdp.c in Sources */ = {isa = PBXBuildFile; fileRef = 5D8208551011270A00B7A2B9 /* sdp.c */; };
		5D82090D1011270A00B7A2B9 /* segafilm.c in Sources */ = {isa = PBXBuildFile; fileRef = 5D8208561011270A00B7A2B9 /* segafilm.c */; };
		5D82090E1011270A00B7A2B9 /* sierravmd.c in Sources */ = {isa = PBXBuildFile; fileRef = 5D8208571011270A00B7A2B9 /* sierravmd.c */; };
		5D82090F1011270A00B7A2B9 /* siff.c in Sources */ = {isa = PBXBuildFile; fileRef = 5D8208581011270A00B7A2B9 /* siff.c */; };
		5D8209101011270A00B7A2B9 /* smacker.c in Sources */ = {isa = PBXBuildFile; fileRef = 5D8208591011270A00B7A2B9 /* smacker.c */; };
		5D8209111011270A00B7A2B9 /* sol.c in Sources */ = {isa = PBXBuildFile; fileRef = 5D82085A1011270A00B7A2B9 /* sol.c */; };
		5D8209121011270A00B7A2B9 /* swf.h in Headers */ = {isa = PBXBuildFile; fileRef = 5D82085B1011270A00B7A2B9 /* swf.h */; };
		5D8209131011270A00B7A2B9 /* swfdec.c in Sources */ = {isa = PBXBuildFile; fileRef = 5D82085C1011270A00B7A2B9 /* swfdec.c */; };
		5D8209141011270A00B7A2B9 /* swfenc.c in Sources */ = {isa = PBXBuildFile; fileRef = 5D82085D1011270A00B7A2B9 /* swfenc.c */; };
		5D8209151011270A00B7A2B9 /* tcp.c in Sources */ = {isa = PBXBuildFile; fileRef = 5D82085E1011270A00B7A2B9 /* tcp.c */; };
		5D8209161011270A00B7A2B9 /* thp.c in Sources */ = {isa = PBXBuildFile; fileRef = 5D82085F1011270A00B7A2B9 /* thp.c */; };
		5D8209171011270A00B7A2B9 /* tiertexseq.c in Sources */ = {isa = PBXBuildFile; fileRef = 5D8208601011270A00B7A2B9 /* tiertexseq.c */; };
		5D8209181011270A00B7A2B9 /* tta.c in Sources */ = {isa = PBXBuildFile; fileRef = 5D8208611011270A00B7A2B9 /* tta.c */; };
		5D8209191011270A00B7A2B9 /* txd.c in Sources */ = {isa = PBXBuildFile; fileRef = 5D8208621011270A00B7A2B9 /* txd.c */; };
		5D82091A1011270A00B7A2B9 /* udp.c in Sources */ = {isa = PBXBuildFile; fileRef = 5D8208631011270A00B7A2B9 /* udp.c */; };
		5D82091B1011270A00B7A2B9 /* utils.c in Sources */ = {isa = PBXBuildFile; fileRef = 5D8208641011270A00B7A2B9 /* utils.c */; };
		5D82091C1011270A00B7A2B9 /* vc1test.c in Sources */ = {isa = PBXBuildFile; fileRef = 5D8208651011270A00B7A2B9 /* vc1test.c */; };
		5D82091D1011270A00B7A2B9 /* vc1testenc.c in Sources */ = {isa = PBXBuildFile; fileRef = 5D8208661011270A00B7A2B9 /* vc1testenc.c */; };
		5D82091E1011270A00B7A2B9 /* voc.c in Sources */ = {isa = PBXBuildFile; fileRef = 5D8208671011270A00B7A2B9 /* voc.c */; };
		5D82091F1011270A00B7A2B9 /* voc.h in Headers */ = {isa = PBXBuildFile; fileRef = 5D8208681011270A00B7A2B9 /* voc.h */; };
		5D8209201011270A00B7A2B9 /* vocdec.c in Sources */ = {isa = PBXBuildFile; fileRef = 5D8208691011270A00B7A2B9 /* vocdec.c */; };
		5D8209211011270A00B7A2B9 /* vocenc.c in Sources */ = {isa = PBXBuildFile; fileRef = 5D82086A1011270A00B7A2B9 /* vocenc.c */; };
		5D8209221011270A00B7A2B9 /* wav.c in Sources */ = {isa = PBXBuildFile; fileRef = 5D82086B1011270A00B7A2B9 /* wav.c */; };
		5D8209231011270A00B7A2B9 /* wc3movie.c in Sources */ = {isa = PBXBuildFile; fileRef = 5D82086C1011270A00B7A2B9 /* wc3movie.c */; };
		5D8209241011270A00B7A2B9 /* westwood.c in Sources */ = {isa = PBXBuildFile; fileRef = 5D82086D1011270A00B7A2B9 /* westwood.c */; };
		5D8209251011270A00B7A2B9 /* wv.c in Sources */ = {isa = PBXBuildFile; fileRef = 5D82086E1011270A00B7A2B9 /* wv.c */; };
		5D8209261011270A00B7A2B9 /* xa.c in Sources */ = {isa = PBXBuildFile; fileRef = 5D82086F1011270A00B7A2B9 /* xa.c */; };
		5D8209271011270A00B7A2B9 /* yuv4mpeg.c in Sources */ = {isa = PBXBuildFile; fileRef = 5D8208701011270A00B7A2B9 /* yuv4mpeg.c */; };
		5D8209A310112A3000B7A2B9 /* mms_protocol.c in Sources */ = {isa = PBXBuildFile; fileRef = 5D8209A210112A3000B7A2B9 /* mms_protocol.c */; };
		AA747D9F0F9514B9006C5449 /* libavformat_Prefix.pch in Headers */ = {isa = PBXBuildFile; fileRef = AA747D9E0F9514B9006C5449 /* libavformat_Prefix.pch */; };
		AACBBE4A0F95108600F1A2B1 /* Foundation.framework in Frameworks */ = {isa = PBXBuildFile; fileRef = AACBBE490F95108600F1A2B1 /* Foundation.framework */; };
		C6159CF610C9A5CF009F9104 /* rtmppkt.c in Sources */ = {isa = PBXBuildFile; fileRef = C6159CF310C9A5CF009F9104 /* rtmppkt.c */; };
		C6159CF710C9A5CF009F9104 /* rtmppkt.h in Headers */ = {isa = PBXBuildFile; fileRef = C6159CF410C9A5CF009F9104 /* rtmppkt.h */; };
		C6159CF810C9A5CF009F9104 /* rtmpproto.c in Sources */ = {isa = PBXBuildFile; fileRef = C6159CF510C9A5CF009F9104 /* rtmpproto.c */; };
/* End PBXBuildFile section */

/* Begin PBXFileReference section */
		5D8207B81011270900B7A2B9 /* 4xm.c */ = {isa = PBXFileReference; fileEncoding = 4; lastKnownFileType = sourcecode.c.c; path = 4xm.c; sourceTree = "<group>"; };
		5D8207B91011270900B7A2B9 /* adtsenc.c */ = {isa = PBXFileReference; fileEncoding = 4; lastKnownFileType = sourcecode.c.c; path = adtsenc.c; sourceTree = "<group>"; };
		5D8207BA1011270900B7A2B9 /* aiff.c */ = {isa = PBXFileReference; fileEncoding = 4; lastKnownFileType = sourcecode.c.c; path = aiff.c; sourceTree = "<group>"; };
		5D8207BB1011270900B7A2B9 /* allformats.c */ = {isa = PBXFileReference; fileEncoding = 4; lastKnownFileType = sourcecode.c.c; path = allformats.c; sourceTree = "<group>"; };
		5D8207BC1011270900B7A2B9 /* amr.c */ = {isa = PBXFileReference; fileEncoding = 4; lastKnownFileType = sourcecode.c.c; path = amr.c; sourceTree = "<group>"; };
		5D8207BD1011270900B7A2B9 /* apc.c */ = {isa = PBXFileReference; fileEncoding = 4; lastKnownFileType = sourcecode.c.c; path = apc.c; sourceTree = "<group>"; };
		5D8207BE1011270900B7A2B9 /* ape.c */ = {isa = PBXFileReference; fileEncoding = 4; lastKnownFileType = sourcecode.c.c; path = ape.c; sourceTree = "<group>"; };
		5D8207BF1011270900B7A2B9 /* asf-enc.c */ = {isa = PBXFileReference; fileEncoding = 4; lastKnownFileType = sourcecode.c.c; path = "asf-enc.c"; sourceTree = "<group>"; };
		5D8207C01011270900B7A2B9 /* asf.c */ = {isa = PBXFileReference; fileEncoding = 4; lastKnownFileType = sourcecode.c.c; path = asf.c; sourceTree = "<group>"; };
		5D8207C11011270900B7A2B9 /* asf.h */ = {isa = PBXFileReference; fileEncoding = 4; lastKnownFileType = sourcecode.c.h; path = asf.h; sourceTree = "<group>"; };
		5D8207C21011270900B7A2B9 /* asfcrypt.c */ = {isa = PBXFileReference; fileEncoding = 4; lastKnownFileType = sourcecode.c.c; path = asfcrypt.c; sourceTree = "<group>"; };
		5D8207C31011270900B7A2B9 /* asfcrypt.h */ = {isa = PBXFileReference; fileEncoding = 4; lastKnownFileType = sourcecode.c.h; path = asfcrypt.h; sourceTree = "<group>"; };
		5D8207C41011270900B7A2B9 /* assdec.c */ = {isa = PBXFileReference; fileEncoding = 4; lastKnownFileType = sourcecode.c.c; path = assdec.c; sourceTree = "<group>"; };
		5D8207C51011270900B7A2B9 /* assenc.c */ = {isa = PBXFileReference; fileEncoding = 4; lastKnownFileType = sourcecode.c.c; path = assenc.c; sourceTree = "<group>"; };
		5D8207C61011270900B7A2B9 /* au.c */ = {isa = PBXFileReference; fileEncoding = 4; lastKnownFileType = sourcecode.c.c; path = au.c; sourceTree = "<group>"; };
		5D8207C71011270900B7A2B9 /* avc.c */ = {isa = PBXFileReference; fileEncoding = 4; lastKnownFileType = sourcecode.c.c; path = avc.c; sourceTree = "<group>"; };
		5D8207C81011270900B7A2B9 /* avc.h */ = {isa = PBXFileReference; fileEncoding = 4; lastKnownFileType = sourcecode.c.h; path = avc.h; sourceTree = "<group>"; };
		5D8207C91011270900B7A2B9 /* avformat.h */ = {isa = PBXFileReference; fileEncoding = 4; lastKnownFileType = sourcecode.c.h; path = avformat.h; sourceTree = "<group>"; };
		5D8207CA1011270900B7A2B9 /* avi.h */ = {isa = PBXFileReference; fileEncoding = 4; lastKnownFileType = sourcecode.c.h; path = avi.h; sourceTree = "<group>"; };
		5D8207CB1011270900B7A2B9 /* avidec.c */ = {isa = PBXFileReference; fileEncoding = 4; lastKnownFileType = sourcecode.c.c; path = avidec.c; sourceTree = "<group>"; };
		5D8207CC1011270900B7A2B9 /* avienc.c */ = {isa = PBXFileReference; fileEncoding = 4; lastKnownFileType = sourcecode.c.c; path = avienc.c; sourceTree = "<group>"; };
		5D8207CD1011270900B7A2B9 /* avio.c */ = {isa = PBXFileReference; fileEncoding = 4; lastKnownFileType = sourcecode.c.c; path = avio.c; sourceTree = "<group>"; };
		5D8207CE1011270900B7A2B9 /* avio.h */ = {isa = PBXFileReference; fileEncoding = 4; lastKnownFileType = sourcecode.c.h; path = avio.h; sourceTree = "<group>"; };
		5D8207CF1011270900B7A2B9 /* aviobuf.c */ = {isa = PBXFileReference; fileEncoding = 4; lastKnownFileType = sourcecode.c.c; path = aviobuf.c; sourceTree = "<group>"; };
		5D8207D01011270900B7A2B9 /* avs.c */ = {isa = PBXFileReference; fileEncoding = 4; lastKnownFileType = sourcecode.c.c; path = avs.c; sourceTree = "<group>"; };
		5D8207D11011270900B7A2B9 /* bethsoftvid.c */ = {isa = PBXFileReference; fileEncoding = 4; lastKnownFileType = sourcecode.c.c; path = bethsoftvid.c; sourceTree = "<group>"; };
		5D8207D21011270900B7A2B9 /* bfi.c */ = {isa = PBXFileReference; fileEncoding = 4; lastKnownFileType = sourcecode.c.c; path = bfi.c; sourceTree = "<group>"; };
		5D8207D31011270900B7A2B9 /* c93.c */ = {isa = PBXFileReference; fileEncoding = 4; lastKnownFileType = sourcecode.c.c; path = c93.c; sourceTree = "<group>"; };
		5D8207D41011270900B7A2B9 /* crcenc.c */ = {isa = PBXFileReference; fileEncoding = 4; lastKnownFileType = sourcecode.c.c; path = crcenc.c; sourceTree = "<group>"; };
		5D8207D51011270900B7A2B9 /* cutils.c */ = {isa = PBXFileReference; fileEncoding = 4; lastKnownFileType = sourcecode.c.c; path = cutils.c; sourceTree = "<group>"; };
		5D8207D61011270900B7A2B9 /* daud.c */ = {isa = PBXFileReference; fileEncoding = 4; lastKnownFileType = sourcecode.c.c; path = daud.c; sourceTree = "<group>"; };
		5D8207D71011270900B7A2B9 /* dsicin.c */ = {isa = PBXFileReference; fileEncoding = 4; lastKnownFileType = sourcecode.c.c; path = dsicin.c; sourceTree = "<group>"; };
		5D8207D81011270900B7A2B9 /* dv.c */ = {isa = PBXFileReference; fileEncoding = 4; lastKnownFileType = sourcecode.c.c; path = dv.c; sourceTree = "<group>"; };
		5D8207D91011270900B7A2B9 /* dv.h */ = {isa = PBXFileReference; fileEncoding = 4; lastKnownFileType = sourcecode.c.h; path = dv.h; sourceTree = "<group>"; };
		5D8207DA1011270900B7A2B9 /* dvenc.c */ = {isa = PBXFileReference; fileEncoding = 4; lastKnownFileType = sourcecode.c.c; path = dvenc.c; sourceTree = "<group>"; };
		5D8207DB1011270900B7A2B9 /* dxa.c */ = {isa = PBXFileReference; fileEncoding = 4; lastKnownFileType = sourcecode.c.c; path = dxa.c; sourceTree = "<group>"; };
		5D8207DC1011270900B7A2B9 /* eacdata.c */ = {isa = PBXFileReference; fileEncoding = 4; lastKnownFileType = sourcecode.c.c; path = eacdata.c; sourceTree = "<group>"; };
		5D8207DD1011270900B7A2B9 /* electronicarts.c */ = {isa = PBXFileReference; fileEncoding = 4; lastKnownFileType = sourcecode.c.c; path = electronicarts.c; sourceTree = "<group>"; };
		5D8207DE1011270900B7A2B9 /* ffm.h */ = {isa = PBXFileReference; fileEncoding = 4; lastKnownFileType = sourcecode.c.h; path = ffm.h; sourceTree = "<group>"; };
		5D8207DF1011270900B7A2B9 /* ffmdec.c */ = {isa = PBXFileReference; fileEncoding = 4; lastKnownFileType = sourcecode.c.c; path = ffmdec.c; sourceTree = "<group>"; };
		5D8207E01011270900B7A2B9 /* ffmenc.c */ = {isa = PBXFileReference; fileEncoding = 4; lastKnownFileType = sourcecode.c.c; path = ffmenc.c; sourceTree = "<group>"; };
		5D8207E11011270900B7A2B9 /* file.c */ = {isa = PBXFileReference; fileEncoding = 4; lastKnownFileType = sourcecode.c.c; path = file.c; sourceTree = "<group>"; };
		5D8207E21011270900B7A2B9 /* flic.c */ = {isa = PBXFileReference; fileEncoding = 4; lastKnownFileType = sourcecode.c.c; path = flic.c; sourceTree = "<group>"; };
		5D8207E31011270900B7A2B9 /* flv.h */ = {isa = PBXFileReference; fileEncoding = 4; lastKnownFileType = sourcecode.c.h; path = flv.h; sourceTree = "<group>"; };
		5D8207E41011270900B7A2B9 /* flvdec.c */ = {isa = PBXFileReference; fileEncoding = 4; lastKnownFileType = sourcecode.c.c; path = flvdec.c; sourceTree = "<group>"; };
		5D8207E51011270900B7A2B9 /* flvenc.c */ = {isa = PBXFileReference; fileEncoding = 4; lastKnownFileType = sourcecode.c.c; path = flvenc.c; sourceTree = "<group>"; };
		5D8207E61011270900B7A2B9 /* framecrcenc.c */ = {isa = PBXFileReference; fileEncoding = 4; lastKnownFileType = sourcecode.c.c; path = framecrcenc.c; sourceTree = "<group>"; };
		5D8207E71011270900B7A2B9 /* framehook.c */ = {isa = PBXFileReference; fileEncoding = 4; lastKnownFileType = sourcecode.c.c; path = framehook.c; sourceTree = "<group>"; };
		5D8207E81011270900B7A2B9 /* framehook.h */ = {isa = PBXFileReference; fileEncoding = 4; lastKnownFileType = sourcecode.c.h; path = framehook.h; sourceTree = "<group>"; };
		5D8207E91011270900B7A2B9 /* gif.c */ = {isa = PBXFileReference; fileEncoding = 4; lastKnownFileType = sourcecode.c.c; path = gif.c; sourceTree = "<group>"; };
		5D8207EA1011270900B7A2B9 /* gxf.c */ = {isa = PBXFileReference; fileEncoding = 4; lastKnownFileType = sourcecode.c.c; path = gxf.c; sourceTree = "<group>"; };
		5D8207EB1011270900B7A2B9 /* gxf.h */ = {isa = PBXFileReference; fileEncoding = 4; lastKnownFileType = sourcecode.c.h; path = gxf.h; sourceTree = "<group>"; };
		5D8207EC1011270900B7A2B9 /* gxfenc.c */ = {isa = PBXFileReference; fileEncoding = 4; lastKnownFileType = sourcecode.c.c; path = gxfenc.c; sourceTree = "<group>"; };
		5D8207ED1011270900B7A2B9 /* http.c */ = {isa = PBXFileReference; fileEncoding = 4; lastKnownFileType = sourcecode.c.c; path = http.c; sourceTree = "<group>"; };
		5D8207EE1011270900B7A2B9 /* id3v2.c */ = {isa = PBXFileReference; fileEncoding = 4; lastKnownFileType = sourcecode.c.c; path = id3v2.c; sourceTree = "<group>"; };
		5D8207EF1011270900B7A2B9 /* id3v2.h */ = {isa = PBXFileReference; fileEncoding = 4; lastKnownFileType = sourcecode.c.h; path = id3v2.h; sourceTree = "<group>"; };
		5D8207F01011270900B7A2B9 /* idcin.c */ = {isa = PBXFileReference; fileEncoding = 4; lastKnownFileType = sourcecode.c.c; path = idcin.c; sourceTree = "<group>"; };
		5D8207F11011270900B7A2B9 /* idroq.c */ = {isa = PBXFileReference; fileEncoding = 4; lastKnownFileType = sourcecode.c.c; path = idroq.c; sourceTree = "<group>"; };
		5D8207F21011270900B7A2B9 /* iff.c */ = {isa = PBXFileReference; fileEncoding = 4; lastKnownFileType = sourcecode.c.c; path = iff.c; sourceTree = "<group>"; };
		5D8207F31011270900B7A2B9 /* img2.c */ = {isa = PBXFileReference; fileEncoding = 4; lastKnownFileType = sourcecode.c.c; path = img2.c; sourceTree = "<group>"; };
		5D8207F41011270900B7A2B9 /* internal.h */ = {isa = PBXFileReference; fileEncoding = 4; lastKnownFileType = sourcecode.c.h; path = internal.h; sourceTree = "<group>"; };
		5D8207F51011270900B7A2B9 /* ipmovie.c */ = {isa = PBXFileReference; fileEncoding = 4; lastKnownFileType = sourcecode.c.c; path = ipmovie.c; sourceTree = "<group>"; };
		5D8207F61011270900B7A2B9 /* isom.c */ = {isa = PBXFileReference; fileEncoding = 4; lastKnownFileType = sourcecode.c.c; path = isom.c; sourceTree = "<group>"; };
		5D8207F71011270900B7A2B9 /* isom.h */ = {isa = PBXFileReference; fileEncoding = 4; lastKnownFileType = sourcecode.c.h; path = isom.h; sourceTree = "<group>"; };
		5D8207F81011270900B7A2B9 /* iss.c */ = {isa = PBXFileReference; fileEncoding = 4; lastKnownFileType = sourcecode.c.c; path = iss.c; sourceTree = "<group>"; };
		5D8207F91011270900B7A2B9 /* libavformat-uninstalled.pc */ = {isa = PBXFileReference; fileEncoding = 4; lastKnownFileType = text; path = "libavformat-uninstalled.pc"; sourceTree = "<group>"; };
		5D8207FA1011270900B7A2B9 /* libavformat.pc */ = {isa = PBXFileReference; fileEncoding = 4; lastKnownFileType = text; path = libavformat.pc; sourceTree = "<group>"; };
		5D8207FB1011270900B7A2B9 /* lmlm4.c */ = {isa = PBXFileReference; fileEncoding = 4; lastKnownFileType = sourcecode.c.c; path = lmlm4.c; sourceTree = "<group>"; };
		5D8207FC1011270900B7A2B9 /* matroska.c */ = {isa = PBXFileReference; fileEncoding = 4; lastKnownFileType = sourcecode.c.c; path = matroska.c; sourceTree = "<group>"; };
		5D8207FD1011270900B7A2B9 /* matroska.h */ = {isa = PBXFileReference; fileEncoding = 4; lastKnownFileType = sourcecode.c.h; path = matroska.h; sourceTree = "<group>"; };
		5D8207FE1011270900B7A2B9 /* matroskadec.c */ = {isa = PBXFileReference; fileEncoding = 4; lastKnownFileType = sourcecode.c.c; path = matroskadec.c; sourceTree = "<group>"; };
		5D8207FF1011270900B7A2B9 /* matroskaenc.c */ = {isa = PBXFileReference; fileEncoding = 4; lastKnownFileType = sourcecode.c.c; path = matroskaenc.c; sourceTree = "<group>"; };
		5D8208001011270900B7A2B9 /* metadata.c */ = {isa = PBXFileReference; fileEncoding = 4; lastKnownFileType = sourcecode.c.c; path = metadata.c; sourceTree = "<group>"; };
		5D8208011011270900B7A2B9 /* metadata.h */ = {isa = PBXFileReference; fileEncoding = 4; lastKnownFileType = sourcecode.c.h; path = metadata.h; sourceTree = "<group>"; };
		5D8208021011270900B7A2B9 /* metadata_compat.c */ = {isa = PBXFileReference; fileEncoding = 4; lastKnownFileType = sourcecode.c.c; path = metadata_compat.c; sourceTree = "<group>"; };
		5D8208031011270900B7A2B9 /* mm.c */ = {isa = PBXFileReference; fileEncoding = 4; lastKnownFileType = sourcecode.c.c; path = mm.c; sourceTree = "<group>"; };
		5D8208041011270900B7A2B9 /* mmf.c */ = {isa = PBXFileReference; fileEncoding = 4; lastKnownFileType = sourcecode.c.c; path = mmf.c; sourceTree = "<group>"; };
		5D8208051011270900B7A2B9 /* mms_http.c */ = {isa = PBXFileReference; fileEncoding = 4; lastKnownFileType = sourcecode.c.c; path = mms_http.c; sourceTree = "<group>"; };
		5D8208061011270A00B7A2B9 /* mms_private.h */ = {isa = PBXFileReference; fileEncoding = 4; lastKnownFileType = sourcecode.c.h; path = mms_private.h; sourceTree = "<group>"; };
		5D8208071011270A00B7A2B9 /* mms_tcp.c */ = {isa = PBXFileReference; fileEncoding = 4; lastKnownFileType = sourcecode.c.c; path = mms_tcp.c; sourceTree = "<group>"; };
		5D8208081011270A00B7A2B9 /* mms_tcp.h */ = {isa = PBXFileReference; fileEncoding = 4; lastKnownFileType = sourcecode.c.h; path = mms_tcp.h; sourceTree = "<group>"; };
		5D8208091011270A00B7A2B9 /* mov.c */ = {isa = PBXFileReference; fileEncoding = 4; lastKnownFileType = sourcecode.c.c; path = mov.c; sourceTree = "<group>"; };
		5D82080A1011270A00B7A2B9 /* movenc.c */ = {isa = PBXFileReference; fileEncoding = 4; lastKnownFileType = sourcecode.c.c; path = movenc.c; sourceTree = "<group>"; };
		5D82080B1011270A00B7A2B9 /* mp3.c */ = {isa = PBXFileReference; fileEncoding = 4; lastKnownFileType = sourcecode.c.c; path = mp3.c; sourceTree = "<group>"; };
		5D82080C1011270A00B7A2B9 /* mpc.c */ = {isa = PBXFileReference; fileEncoding = 4; lastKnownFileType = sourcecode.c.c; path = mpc.c; sourceTree = "<group>"; };
		5D82080D1011270A00B7A2B9 /* mpc8.c */ = {isa = PBXFileReference; fileEncoding = 4; lastKnownFileType = sourcecode.c.c; path = mpc8.c; sourceTree = "<group>"; };
		5D82080E1011270A00B7A2B9 /* mpeg.c */ = {isa = PBXFileReference; fileEncoding = 4; lastKnownFileType = sourcecode.c.c; path = mpeg.c; sourceTree = "<group>"; };
		5D82080F1011270A00B7A2B9 /* mpeg.h */ = {isa = PBXFileReference; fileEncoding = 4; lastKnownFileType = sourcecode.c.h; path = mpeg.h; sourceTree = "<group>"; };
		5D8208101011270A00B7A2B9 /* mpegenc.c */ = {isa = PBXFileReference; fileEncoding = 4; lastKnownFileType = sourcecode.c.c; path = mpegenc.c; sourceTree = "<group>"; };
		5D8208111011270A00B7A2B9 /* mpegts.c */ = {isa = PBXFileReference; fileEncoding = 4; lastKnownFileType = sourcecode.c.c; path = mpegts.c; sourceTree = "<group>"; };
		5D8208121011270A00B7A2B9 /* mpegts.h */ = {isa = PBXFileReference; fileEncoding = 4; lastKnownFileType = sourcecode.c.h; path = mpegts.h; sourceTree = "<group>"; };
		5D8208131011270A00B7A2B9 /* mpegtsenc.c */ = {isa = PBXFileReference; fileEncoding = 4; lastKnownFileType = sourcecode.c.c; path = mpegtsenc.c; sourceTree = "<group>"; };
		5D8208141011270A00B7A2B9 /* mpjpeg.c */ = {isa = PBXFileReference; fileEncoding = 4; lastKnownFileType = sourcecode.c.c; path = mpjpeg.c; sourceTree = "<group>"; };
		5D8208151011270A00B7A2B9 /* msnwc_tcp.c */ = {isa = PBXFileReference; fileEncoding = 4; lastKnownFileType = sourcecode.c.c; path = msnwc_tcp.c; sourceTree = "<group>"; };
		5D8208161011270A00B7A2B9 /* mtv.c */ = {isa = PBXFileReference; fileEncoding = 4; lastKnownFileType = sourcecode.c.c; path = mtv.c; sourceTree = "<group>"; };
		5D8208171011270A00B7A2B9 /* mvi.c */ = {isa = PBXFileReference; fileEncoding = 4; lastKnownFileType = sourcecode.c.c; path = mvi.c; sourceTree = "<group>"; };
		5D8208181011270A00B7A2B9 /* mxf.c */ = {isa = PBXFileReference; fileEncoding = 4; lastKnownFileType = sourcecode.c.c; path = mxf.c; sourceTree = "<group>"; };
		5D8208191011270A00B7A2B9 /* mxf.h */ = {isa = PBXFileReference; fileEncoding = 4; lastKnownFileType = sourcecode.c.h; path = mxf.h; sourceTree = "<group>"; };
		5D82081A1011270A00B7A2B9 /* mxfdec.c */ = {isa = PBXFileReference; fileEncoding = 4; lastKnownFileType = sourcecode.c.c; path = mxfdec.c; sourceTree = "<group>"; };
		5D82081B1011270A00B7A2B9 /* mxfenc.c */ = {isa = PBXFileReference; fileEncoding = 4; lastKnownFileType = sourcecode.c.c; path = mxfenc.c; sourceTree = "<group>"; };
		5D82081C1011270A00B7A2B9 /* network.h */ = {isa = PBXFileReference; fileEncoding = 4; lastKnownFileType = sourcecode.c.h; path = network.h; sourceTree = "<group>"; };
		5D82081D1011270A00B7A2B9 /* nsvdec.c */ = {isa = PBXFileReference; fileEncoding = 4; lastKnownFileType = sourcecode.c.c; path = nsvdec.c; sourceTree = "<group>"; };
		5D82081E1011270A00B7A2B9 /* nut.c */ = {isa = PBXFileReference; fileEncoding = 4; lastKnownFileType = sourcecode.c.c; path = nut.c; sourceTree = "<group>"; };
		5D82081F1011270A00B7A2B9 /* nut.h */ = {isa = PBXFileReference; fileEncoding = 4; lastKnownFileType = sourcecode.c.h; path = nut.h; sourceTree = "<group>"; };
		5D8208201011270A00B7A2B9 /* nutdec.c */ = {isa = PBXFileReference; fileEncoding = 4; lastKnownFileType = sourcecode.c.c; path = nutdec.c; sourceTree = "<group>"; };
		5D8208211011270A00B7A2B9 /* nutenc.c */ = {isa = PBXFileReference; fileEncoding = 4; lastKnownFileType = sourcecode.c.c; path = nutenc.c; sourceTree = "<group>"; };
		5D8208221011270A00B7A2B9 /* nuv.c */ = {isa = PBXFileReference; fileEncoding = 4; lastKnownFileType = sourcecode.c.c; path = nuv.c; sourceTree = "<group>"; };
		5D8208231011270A00B7A2B9 /* oggdec.c */ = {isa = PBXFileReference; fileEncoding = 4; lastKnownFileType = sourcecode.c.c; path = oggdec.c; sourceTree = "<group>"; };
		5D8208241011270A00B7A2B9 /* oggdec.h */ = {isa = PBXFileReference; fileEncoding = 4; lastKnownFileType = sourcecode.c.h; path = oggdec.h; sourceTree = "<group>"; };
		5D8208251011270A00B7A2B9 /* oggenc.c */ = {isa = PBXFileReference; fileEncoding = 4; lastKnownFileType = sourcecode.c.c; path = oggenc.c; sourceTree = "<group>"; };
		5D8208261011270A00B7A2B9 /* oggparseflac.c */ = {isa = PBXFileReference; fileEncoding = 4; lastKnownFileType = sourcecode.c.c; path = oggparseflac.c; sourceTree = "<group>"; };
		5D8208271011270A00B7A2B9 /* oggparseogm.c */ = {isa = PBXFileReference; fileEncoding = 4; lastKnownFileType = sourcecode.c.c; path = oggparseogm.c; sourceTree = "<group>"; };
		5D8208281011270A00B7A2B9 /* oggparsespeex.c */ = {isa = PBXFileReference; fileEncoding = 4; lastKnownFileType = sourcecode.c.c; path = oggparsespeex.c; sourceTree = "<group>"; };
		5D8208291011270A00B7A2B9 /* oggparsetheora.c */ = {isa = PBXFileReference; fileEncoding = 4; lastKnownFileType = sourcecode.c.c; path = oggparsetheora.c; sourceTree = "<group>"; };
		5D82082A1011270A00B7A2B9 /* oggparsevorbis.c */ = {isa = PBXFileReference; fileEncoding = 4; lastKnownFileType = sourcecode.c.c; path = oggparsevorbis.c; sourceTree = "<group>"; };
		5D82082B1011270A00B7A2B9 /* oma.c */ = {isa = PBXFileReference; fileEncoding = 4; lastKnownFileType = sourcecode.c.c; path = oma.c; sourceTree = "<group>"; };
		5D82082C1011270A00B7A2B9 /* options.c */ = {isa = PBXFileReference; fileEncoding = 4; lastKnownFileType = sourcecode.c.c; path = options.c; sourceTree = "<group>"; };
		5D82082D1011270A00B7A2B9 /* os_support.c */ = {isa = PBXFileReference; fileEncoding = 4; lastKnownFileType = sourcecode.c.c; path = os_support.c; sourceTree = "<group>"; };
		5D82082E1011270A00B7A2B9 /* os_support.h */ = {isa = PBXFileReference; fileEncoding = 4; lastKnownFileType = sourcecode.c.h; path = os_support.h; sourceTree = "<group>"; };
		5D82082F1011270A00B7A2B9 /* psxstr.c */ = {isa = PBXFileReference; fileEncoding = 4; lastKnownFileType = sourcecode.c.c; path = psxstr.c; sourceTree = "<group>"; };
		5D8208301011270A00B7A2B9 /* pva.c */ = {isa = PBXFileReference; fileEncoding = 4; lastKnownFileType = sourcecode.c.c; path = pva.c; sourceTree = "<group>"; };
		5D8208311011270A00B7A2B9 /* qcelp_lsp.c */ = {isa = PBXFileReference; fileEncoding = 4; lastKnownFileType = sourcecode.c.c; name = qcelp_lsp.c; path = ../libavcodec/qcelp_lsp.c; sourceTree = SOURCE_ROOT; };
		5D8208321011270A00B7A2B9 /* qcelpdata.h */ = {isa = PBXFileReference; fileEncoding = 4; lastKnownFileType = sourcecode.c.h; name = qcelpdata.h; path = ../libavcodec/qcelpdata.h; sourceTree = SOURCE_ROOT; };
		5D8208331011270A00B7A2B9 /* qcelpdec.c */ = {isa = PBXFileReference; fileEncoding = 4; lastKnownFileType = sourcecode.c.c; name = qcelpdec.c; path = ../libavcodec/qcelpdec.c; sourceTree = SOURCE_ROOT; };
		5D8208341011270A00B7A2B9 /* qtpalette.h */ = {isa = PBXFileReference; fileEncoding = 4; lastKnownFileType = sourcecode.c.h; path = qtpalette.h; sourceTree = "<group>"; };
		5D8208351011270A00B7A2B9 /* r3d.c */ = {isa = PBXFileReference; fileEncoding = 4; lastKnownFileType = sourcecode.c.c; path = r3d.c; sourceTree = "<group>"; };
		5D8208361011270A00B7A2B9 /* raw.c */ = {isa = PBXFileReference; fileEncoding = 4; lastKnownFileType = sourcecode.c.c; path = raw.c; sourceTree = "<group>"; };
		5D8208371011270A00B7A2B9 /* raw.h */ = {isa = PBXFileReference; fileEncoding = 4; lastKnownFileType = sourcecode.c.h; path = raw.h; sourceTree = "<group>"; };
		5D8208381011270A00B7A2B9 /* rdt.c */ = {isa = PBXFileReference; fileEncoding = 4; lastKnownFileType = sourcecode.c.c; path = rdt.c; sourceTree = "<group>"; };
		5D8208391011270A00B7A2B9 /* rdt.h */ = {isa = PBXFileReference; fileEncoding = 4; lastKnownFileType = sourcecode.c.h; path = rdt.h; sourceTree = "<group>"; };
		5D82083A1011270A00B7A2B9 /* riff.c */ = {isa = PBXFileReference; fileEncoding = 4; lastKnownFileType = sourcecode.c.c; path = riff.c; sourceTree = "<group>"; };
		5D82083B1011270A00B7A2B9 /* riff.h */ = {isa = PBXFileReference; fileEncoding = 4; lastKnownFileType = sourcecode.c.h; path = riff.h; sourceTree = "<group>"; };
		5D82083C1011270A00B7A2B9 /* rl2.c */ = {isa = PBXFileReference; fileEncoding = 4; lastKnownFileType = sourcecode.c.c; path = rl2.c; sourceTree = "<group>"; };
		5D82083D1011270A00B7A2B9 /* rm.h */ = {isa = PBXFileReference; fileEncoding = 4; lastKnownFileType = sourcecode.c.h; path = rm.h; sourceTree = "<group>"; };
		5D82083E1011270A00B7A2B9 /* rmdec.c */ = {isa = PBXFileReference; fileEncoding = 4; lastKnownFileType = sourcecode.c.c; path = rmdec.c; sourceTree = "<group>"; };
		5D82083F1011270A00B7A2B9 /* rmenc.c */ = {isa = PBXFileReference; fileEncoding = 4; lastKnownFileType = sourcecode.c.c; path = rmenc.c; sourceTree = "<group>"; };
		5D8208401011270A00B7A2B9 /* rpl.c */ = {isa = PBXFileReference; fileEncoding = 4; lastKnownFileType = sourcecode.c.c; path = rpl.c; sourceTree = "<group>"; };
		5D8208411011270A00B7A2B9 /* rtmp.c */ = {isa = PBXFileReference; fileEncoding = 4; lastKnownFileType = sourcecode.c.c; path = rtmp.c; sourceTree = "<group>"; };
		5D8208421011270A00B7A2B9 /* rtmp.h */ = {isa = PBXFileReference; fileEncoding = 4; lastKnownFileType = sourcecode.c.h; path = rtmp.h; sourceTree = "<group>"; };
		5D8208431011270A00B7A2B9 /* rtp.c */ = {isa = PBXFileReference; fileEncoding = 4; lastKnownFileType = sourcecode.c.c; path = rtp.c; sourceTree = "<group>"; };
		5D8208441011270A00B7A2B9 /* rtp.h */ = {isa = PBXFileReference; fileEncoding = 4; lastKnownFileType = sourcecode.c.h; path = rtp.h; sourceTree = "<group>"; };
		5D8208451011270A00B7A2B9 /* rtp_aac.c */ = {isa = PBXFileReference; fileEncoding = 4; lastKnownFileType = sourcecode.c.c; path = rtp_aac.c; sourceTree = "<group>"; };
		5D8208461011270A00B7A2B9 /* rtp_aac.h */ = {isa = PBXFileReference; fileEncoding = 4; lastKnownFileType = sourcecode.c.h; path = rtp_aac.h; sourceTree = "<group>"; };
		5D8208471011270A00B7A2B9 /* rtp_asf.c */ = {isa = PBXFileReference; fileEncoding = 4; lastKnownFileType = sourcecode.c.c; path = rtp_asf.c; sourceTree = "<group>"; };
		5D8208481011270A00B7A2B9 /* rtp_asf.h */ = {isa = PBXFileReference; fileEncoding = 4; lastKnownFileType = sourcecode.c.h; path = rtp_asf.h; sourceTree = "<group>"; };
		5D8208491011270A00B7A2B9 /* rtp_h264.c */ = {isa = PBXFileReference; fileEncoding = 4; lastKnownFileType = sourcecode.c.c; path = rtp_h264.c; sourceTree = "<group>"; };
		5D82084A1011270A00B7A2B9 /* rtp_h264.h */ = {isa = PBXFileReference; fileEncoding = 4; lastKnownFileType = sourcecode.c.h; path = rtp_h264.h; sourceTree = "<group>"; };
		5D82084B1011270A00B7A2B9 /* rtp_internal.h */ = {isa = PBXFileReference; fileEncoding = 4; lastKnownFileType = sourcecode.c.h; path = rtp_internal.h; sourceTree = "<group>"; };
		5D82084C1011270A00B7A2B9 /* rtp_mpv.c */ = {isa = PBXFileReference; fileEncoding = 4; lastKnownFileType = sourcecode.c.c; path = rtp_mpv.c; sourceTree = "<group>"; };
		5D82084D1011270A00B7A2B9 /* rtp_mpv.h */ = {isa = PBXFileReference; fileEncoding = 4; lastKnownFileType = sourcecode.c.h; path = rtp_mpv.h; sourceTree = "<group>"; };
		5D82084E1011270A00B7A2B9 /* rtpdec.c */ = {isa = PBXFileReference; fileEncoding = 4; lastKnownFileType = sourcecode.c.c; path = rtpdec.c; sourceTree = "<group>"; };
		5D82084F1011270A00B7A2B9 /* rtpenc.c */ = {isa = PBXFileReference; fileEncoding = 4; lastKnownFileType = sourcecode.c.c; path = rtpenc.c; sourceTree = "<group>"; };
		5D8208501011270A00B7A2B9 /* rtpenc_h264.c */ = {isa = PBXFileReference; fileEncoding = 4; lastKnownFileType = sourcecode.c.c; path = rtpenc_h264.c; sourceTree = "<group>"; };
		5D8208511011270A00B7A2B9 /* rtpproto.c */ = {isa = PBXFileReference; fileEncoding = 4; lastKnownFileType = sourcecode.c.c; path = rtpproto.c; sourceTree = "<group>"; };
		5D8208521011270A00B7A2B9 /* rtsp.c */ = {isa = PBXFileReference; fileEncoding = 4; lastKnownFileType = sourcecode.c.c; path = rtsp.c; sourceTree = "<group>"; };
		5D8208531011270A00B7A2B9 /* rtsp.h */ = {isa = PBXFileReference; fileEncoding = 4; lastKnownFileType = sourcecode.c.h; path = rtsp.h; sourceTree = "<group>"; };
		5D8208541011270A00B7A2B9 /* rtspcodes.h */ = {isa = PBXFileReference; fileEncoding = 4; lastKnownFileType = sourcecode.c.h; path = rtspcodes.h; sourceTree = "<group>"; };
		5D8208551011270A00B7A2B9 /* sdp.c */ = {isa = PBXFileReference; fileEncoding = 4; lastKnownFileType = sourcecode.c.c; path = sdp.c; sourceTree = "<group>"; };
		5D8208561011270A00B7A2B9 /* segafilm.c */ = {isa = PBXFileReference; fileEncoding = 4; lastKnownFileType = sourcecode.c.c; path = segafilm.c; sourceTree = "<group>"; };
		5D8208571011270A00B7A2B9 /* sierravmd.c */ = {isa = PBXFileReference; fileEncoding = 4; lastKnownFileType = sourcecode.c.c; path = sierravmd.c; sourceTree = "<group>"; };
		5D8208581011270A00B7A2B9 /* siff.c */ = {isa = PBXFileReference; fileEncoding = 4; lastKnownFileType = sourcecode.c.c; path = siff.c; sourceTree = "<group>"; };
		5D8208591011270A00B7A2B9 /* smacker.c */ = {isa = PBXFileReference; fileEncoding = 4; lastKnownFileType = sourcecode.c.c; path = smacker.c; sourceTree = "<group>"; };
		5D82085A1011270A00B7A2B9 /* sol.c */ = {isa = PBXFileReference; fileEncoding = 4; lastKnownFileType = sourcecode.c.c; path = sol.c; sourceTree = "<group>"; };
		5D82085B1011270A00B7A2B9 /* swf.h */ = {isa = PBXFileReference; fileEncoding = 4; lastKnownFileType = sourcecode.c.h; path = swf.h; sourceTree = "<group>"; };
		5D82085C1011270A00B7A2B9 /* swfdec.c */ = {isa = PBXFileReference; fileEncoding = 4; lastKnownFileType = sourcecode.c.c; path = swfdec.c; sourceTree = "<group>"; };
		5D82085D1011270A00B7A2B9 /* swfenc.c */ = {isa = PBXFileReference; fileEncoding = 4; lastKnownFileType = sourcecode.c.c; path = swfenc.c; sourceTree = "<group>"; };
		5D82085E1011270A00B7A2B9 /* tcp.c */ = {isa = PBXFileReference; fileEncoding = 4; lastKnownFileType = sourcecode.c.c; path = tcp.c; sourceTree = "<group>"; };
		5D82085F1011270A00B7A2B9 /* thp.c */ = {isa = PBXFileReference; fileEncoding = 4; lastKnownFileType = sourcecode.c.c; path = thp.c; sourceTree = "<group>"; };
		5D8208601011270A00B7A2B9 /* tiertexseq.c */ = {isa = PBXFileReference; fileEncoding = 4; lastKnownFileType = sourcecode.c.c; path = tiertexseq.c; sourceTree = "<group>"; };
		5D8208611011270A00B7A2B9 /* tta.c */ = {isa = PBXFileReference; fileEncoding = 4; lastKnownFileType = sourcecode.c.c; path = tta.c; sourceTree = "<group>"; };
		5D8208621011270A00B7A2B9 /* txd.c */ = {isa = PBXFileReference; fileEncoding = 4; lastKnownFileType = sourcecode.c.c; path = txd.c; sourceTree = "<group>"; };
		5D8208631011270A00B7A2B9 /* udp.c */ = {isa = PBXFileReference; fileEncoding = 4; lastKnownFileType = sourcecode.c.c; path = udp.c; sourceTree = "<group>"; };
		5D8208641011270A00B7A2B9 /* utils.c */ = {isa = PBXFileReference; fileEncoding = 4; lastKnownFileType = sourcecode.c.c; path = utils.c; sourceTree = "<group>"; };
		5D8208651011270A00B7A2B9 /* vc1test.c */ = {isa = PBXFileReference; fileEncoding = 4; lastKnownFileType = sourcecode.c.c; path = vc1test.c; sourceTree = "<group>"; };
		5D8208661011270A00B7A2B9 /* vc1testenc.c */ = {isa = PBXFileReference; fileEncoding = 4; lastKnownFileType = sourcecode.c.c; path = vc1testenc.c; sourceTree = "<group>"; };
		5D8208671011270A00B7A2B9 /* voc.c */ = {isa = PBXFileReference; fileEncoding = 4; lastKnownFileType = sourcecode.c.c; path = voc.c; sourceTree = "<group>"; };
		5D8208681011270A00B7A2B9 /* voc.h */ = {isa = PBXFileReference; fileEncoding = 4; lastKnownFileType = sourcecode.c.h; path = voc.h; sourceTree = "<group>"; };
		5D8208691011270A00B7A2B9 /* vocdec.c */ = {isa = PBXFileReference; fileEncoding = 4; lastKnownFileType = sourcecode.c.c; path = vocdec.c; sourceTree = "<group>"; };
		5D82086A1011270A00B7A2B9 /* vocenc.c */ = {isa = PBXFileReference; fileEncoding = 4; lastKnownFileType = sourcecode.c.c; path = vocenc.c; sourceTree = "<group>"; };
		5D82086B1011270A00B7A2B9 /* wav.c */ = {isa = PBXFileReference; fileEncoding = 4; lastKnownFileType = sourcecode.c.c; path = wav.c; sourceTree = "<group>"; };
		5D82086C1011270A00B7A2B9 /* wc3movie.c */ = {isa = PBXFileReference; fileEncoding = 4; lastKnownFileType = sourcecode.c.c; path = wc3movie.c; sourceTree = "<group>"; };
		5D82086D1011270A00B7A2B9 /* westwood.c */ = {isa = PBXFileReference; fileEncoding = 4; lastKnownFileType = sourcecode.c.c; path = westwood.c; sourceTree = "<group>"; };
		5D82086E1011270A00B7A2B9 /* wv.c */ = {isa = PBXFileReference; fileEncoding = 4; lastKnownFileType = sourcecode.c.c; path = wv.c; sourceTree = "<group>"; };
		5D82086F1011270A00B7A2B9 /* xa.c */ = {isa = PBXFileReference; fileEncoding = 4; lastKnownFileType = sourcecode.c.c; path = xa.c; sourceTree = "<group>"; };
		5D8208701011270A00B7A2B9 /* yuv4mpeg.c */ = {isa = PBXFileReference; fileEncoding = 4; lastKnownFileType = sourcecode.c.c; path = yuv4mpeg.c; sourceTree = "<group>"; };
		5D8209A210112A3000B7A2B9 /* mms_protocol.c */ = {isa = PBXFileReference; fileEncoding = 4; lastKnownFileType = sourcecode.c.c; path = mms_protocol.c; sourceTree = "<group>"; };
		AA747D9E0F9514B9006C5449 /* libavformat_Prefix.pch */ = {isa = PBXFileReference; fileEncoding = 4; lastKnownFileType = sourcecode.c.h; path = libavformat_Prefix.pch; sourceTree = "<group>"; };
		AACBBE490F95108600F1A2B1 /* Foundation.framework */ = {isa = PBXFileReference; lastKnownFileType = wrapper.framework; name = Foundation.framework; path = System/Library/Frameworks/Foundation.framework; sourceTree = SDKROOT; };
		C6159CF310C9A5CF009F9104 /* rtmppkt.c */ = {isa = PBXFileReference; fileEncoding = 4; lastKnownFileType = sourcecode.c.c; path = rtmppkt.c; sourceTree = "<group>"; };
		C6159CF410C9A5CF009F9104 /* rtmppkt.h */ = {isa = PBXFileReference; fileEncoding = 4; lastKnownFileType = sourcecode.c.h; path = rtmppkt.h; sourceTree = "<group>"; };
		C6159CF510C9A5CF009F9104 /* rtmpproto.c */ = {isa = PBXFileReference; fileEncoding = 4; lastKnownFileType = sourcecode.c.c; path = rtmpproto.c; sourceTree = "<group>"; };
		D2AAC07E0554694100DB518D /* liblibavformat.a */ = {isa = PBXFileReference; explicitFileType = archive.ar; includeInIndex = 0; path = liblibavformat.a; sourceTree = BUILT_PRODUCTS_DIR; };
/* End PBXFileReference section */

/* Begin PBXFrameworksBuildPhase section */
		D2AAC07C0554694100DB518D /* Frameworks */ = {
			isa = PBXFrameworksBuildPhase;
			buildActionMask = 2147483647;
			files = (
				AACBBE4A0F95108600F1A2B1 /* Foundation.framework in Frameworks */,
			);
			runOnlyForDeploymentPostprocessing = 0;
		};
/* End PBXFrameworksBuildPhase section */

/* Begin PBXGroup section */
		034768DFFF38A50411DB9C8B /* Products */ = {
			isa = PBXGroup;
			children = (
				D2AAC07E0554694100DB518D /* liblibavformat.a */,
			);
			name = Products;
			sourceTree = "<group>";
		};
		0867D691FE84028FC02AAC07 /* libavcodec */ = {
			isa = PBXGroup;
			children = (
				32C88DFF0371C24200C91783 /* Sources */,
				AA747D9E0F9514B9006C5449 /* libavformat_Prefix.pch */,
				0867D69AFE84028FC02AAC07 /* Frameworks */,
				034768DFFF38A50411DB9C8B /* Products */,
			);
			name = libavcodec;
			sourceTree = "<group>";
		};
		0867D69AFE84028FC02AAC07 /* Frameworks */ = {
			isa = PBXGroup;
			children = (
				AACBBE490F95108600F1A2B1 /* Foundation.framework */,
			);
			name = Frameworks;
			sourceTree = "<group>";
		};
		32C88DFF0371C24200C91783 /* Sources */ = {
			isa = PBXGroup;
			children = (
				C6159CF310C9A5CF009F9104 /* rtmppkt.c */,
				C6159CF410C9A5CF009F9104 /* rtmppkt.h */,
				C6159CF510C9A5CF009F9104 /* rtmpproto.c */,
				5D8207B81011270900B7A2B9 /* 4xm.c */,
				5D8207B91011270900B7A2B9 /* adtsenc.c */,
				5D8207BA1011270900B7A2B9 /* aiff.c */,
				5D8207BB1011270900B7A2B9 /* allformats.c */,
				5D8207BC1011270900B7A2B9 /* amr.c */,
				5D8207BD1011270900B7A2B9 /* apc.c */,
				5D8207BE1011270900B7A2B9 /* ape.c */,
				5D8207BF1011270900B7A2B9 /* asf-enc.c */,
				5D8207C01011270900B7A2B9 /* asf.c */,
				5D8207C11011270900B7A2B9 /* asf.h */,
				5D8207C21011270900B7A2B9 /* asfcrypt.c */,
				5D8207C31011270900B7A2B9 /* asfcrypt.h */,
				5D8207C41011270900B7A2B9 /* assdec.c */,
				5D8207C51011270900B7A2B9 /* assenc.c */,
				5D8207C61011270900B7A2B9 /* au.c */,
				5D8207C71011270900B7A2B9 /* avc.c */,
				5D8207C81011270900B7A2B9 /* avc.h */,
				5D8207C91011270900B7A2B9 /* avformat.h */,
				5D8207CA1011270900B7A2B9 /* avi.h */,
				5D8207CB1011270900B7A2B9 /* avidec.c */,
				5D8207CC1011270900B7A2B9 /* avienc.c */,
				5D8207CD1011270900B7A2B9 /* avio.c */,
				5D8207CE1011270900B7A2B9 /* avio.h */,
				5D8207CF1011270900B7A2B9 /* aviobuf.c */,
				5D8207D01011270900B7A2B9 /* avs.c */,
				5D8207D11011270900B7A2B9 /* bethsoftvid.c */,
				5D8207D21011270900B7A2B9 /* bfi.c */,
				5D8207D31011270900B7A2B9 /* c93.c */,
				5D8207D41011270900B7A2B9 /* crcenc.c */,
				5D8207D51011270900B7A2B9 /* cutils.c */,
				5D8207D61011270900B7A2B9 /* daud.c */,
				5D8207D71011270900B7A2B9 /* dsicin.c */,
				5D8207D81011270900B7A2B9 /* dv.c */,
				5D8207D91011270900B7A2B9 /* dv.h */,
				5D8207DA1011270900B7A2B9 /* dvenc.c */,
				5D8207DB1011270900B7A2B9 /* dxa.c */,
				5D8207DC1011270900B7A2B9 /* eacdata.c */,
				5D8207DD1011270900B7A2B9 /* electronicarts.c */,
				5D8207DE1011270900B7A2B9 /* ffm.h */,
				5D8207DF1011270900B7A2B9 /* ffmdec.c */,
				5D8207E01011270900B7A2B9 /* ffmenc.c */,
				5D8207E11011270900B7A2B9 /* file.c */,
				5D8207E21011270900B7A2B9 /* flic.c */,
				5D8207E31011270900B7A2B9 /* flv.h */,
				5D8207E41011270900B7A2B9 /* flvdec.c */,
				5D8207E51011270900B7A2B9 /* flvenc.c */,
				5D8207E61011270900B7A2B9 /* framecrcenc.c */,
				5D8207E71011270900B7A2B9 /* framehook.c */,
				5D8207E81011270900B7A2B9 /* framehook.h */,
				5D8207E91011270900B7A2B9 /* gif.c */,
				5D8207EA1011270900B7A2B9 /* gxf.c */,
				5D8207EB1011270900B7A2B9 /* gxf.h */,
				5D8207EC1011270900B7A2B9 /* gxfenc.c */,
				5D8207ED1011270900B7A2B9 /* http.c */,
				5D8207EE1011270900B7A2B9 /* id3v2.c */,
				5D8207EF1011270900B7A2B9 /* id3v2.h */,
				5D8207F01011270900B7A2B9 /* idcin.c */,
				5D8207F11011270900B7A2B9 /* idroq.c */,
				5D8207F21011270900B7A2B9 /* iff.c */,
				5D8207F31011270900B7A2B9 /* img2.c */,
				5D8207F41011270900B7A2B9 /* internal.h */,
				5D8207F51011270900B7A2B9 /* ipmovie.c */,
				5D8207F61011270900B7A2B9 /* isom.c */,
				5D8207F71011270900B7A2B9 /* isom.h */,
				5D8207F81011270900B7A2B9 /* iss.c */,
				5D8207F91011270900B7A2B9 /* libavformat-uninstalled.pc */,
				5D8207FA1011270900B7A2B9 /* libavformat.pc */,
				5D8207FB1011270900B7A2B9 /* lmlm4.c */,
				5D8207FC1011270900B7A2B9 /* matroska.c */,
				5D8207FD1011270900B7A2B9 /* matroska.h */,
				5D8207FE1011270900B7A2B9 /* matroskadec.c */,
				5D8207FF1011270900B7A2B9 /* matroskaenc.c */,
				5D8208001011270900B7A2B9 /* metadata.c */,
				5D8208011011270900B7A2B9 /* metadata.h */,
				5D8208021011270900B7A2B9 /* metadata_compat.c */,
				5D8208031011270900B7A2B9 /* mm.c */,
				5D8208041011270900B7A2B9 /* mmf.c */,
				5D8208051011270900B7A2B9 /* mms_http.c */,
				5D8208061011270A00B7A2B9 /* mms_private.h */,
				5D8209A210112A3000B7A2B9 /* mms_protocol.c */,
				5D8208071011270A00B7A2B9 /* mms_tcp.c */,
				5D8208081011270A00B7A2B9 /* mms_tcp.h */,
				5D8208091011270A00B7A2B9 /* mov.c */,
				5D82080A1011270A00B7A2B9 /* movenc.c */,
				5D82080B1011270A00B7A2B9 /* mp3.c */,
				5D82080C1011270A00B7A2B9 /* mpc.c */,
				5D82080D1011270A00B7A2B9 /* mpc8.c */,
				5D82080E1011270A00B7A2B9 /* mpeg.c */,
				5D82080F1011270A00B7A2B9 /* mpeg.h */,
				5D8208101011270A00B7A2B9 /* mpegenc.c */,
				5D8208111011270A00B7A2B9 /* mpegts.c */,
				5D8208121011270A00B7A2B9 /* mpegts.h */,
				5D8208131011270A00B7A2B9 /* mpegtsenc.c */,
				5D8208141011270A00B7A2B9 /* mpjpeg.c */,
				5D8208151011270A00B7A2B9 /* msnwc_tcp.c */,
				5D8208161011270A00B7A2B9 /* mtv.c */,
				5D8208171011270A00B7A2B9 /* mvi.c */,
				5D8208181011270A00B7A2B9 /* mxf.c */,
				5D8208191011270A00B7A2B9 /* mxf.h */,
				5D82081A1011270A00B7A2B9 /* mxfdec.c */,
				5D82081B1011270A00B7A2B9 /* mxfenc.c */,
				5D82081C1011270A00B7A2B9 /* network.h */,
				5D82081D1011270A00B7A2B9 /* nsvdec.c */,
				5D82081E1011270A00B7A2B9 /* nut.c */,
				5D82081F1011270A00B7A2B9 /* nut.h */,
				5D8208201011270A00B7A2B9 /* nutdec.c */,
				5D8208211011270A00B7A2B9 /* nutenc.c */,
				5D8208221011270A00B7A2B9 /* nuv.c */,
				5D8208231011270A00B7A2B9 /* oggdec.c */,
				5D8208241011270A00B7A2B9 /* oggdec.h */,
				5D8208251011270A00B7A2B9 /* oggenc.c */,
				5D8208261011270A00B7A2B9 /* oggparseflac.c */,
				5D8208271011270A00B7A2B9 /* oggparseogm.c */,
				5D8208281011270A00B7A2B9 /* oggparsespeex.c */,
				5D8208291011270A00B7A2B9 /* oggparsetheora.c */,
				5D82082A1011270A00B7A2B9 /* oggparsevorbis.c */,
				5D82082B1011270A00B7A2B9 /* oma.c */,
				5D82082C1011270A00B7A2B9 /* options.c */,
				5D82082D1011270A00B7A2B9 /* os_support.c */,
				5D82082E1011270A00B7A2B9 /* os_support.h */,
				5D82082F1011270A00B7A2B9 /* psxstr.c */,
				5D8208301011270A00B7A2B9 /* pva.c */,
				5D8208311011270A00B7A2B9 /* qcelp_lsp.c */,
				5D8208321011270A00B7A2B9 /* qcelpdata.h */,
				5D8208331011270A00B7A2B9 /* qcelpdec.c */,
				5D8208341011270A00B7A2B9 /* qtpalette.h */,
				5D8208351011270A00B7A2B9 /* r3d.c */,
				5D8208361011270A00B7A2B9 /* raw.c */,
				5D8208371011270A00B7A2B9 /* raw.h */,
				5D8208381011270A00B7A2B9 /* rdt.c */,
				5D8208391011270A00B7A2B9 /* rdt.h */,
				5D82083A1011270A00B7A2B9 /* riff.c */,
				5D82083B1011270A00B7A2B9 /* riff.h */,
				5D82083C1011270A00B7A2B9 /* rl2.c */,
				5D82083D1011270A00B7A2B9 /* rm.h */,
				5D82083E1011270A00B7A2B9 /* rmdec.c */,
				5D82083F1011270A00B7A2B9 /* rmenc.c */,
				5D8208401011270A00B7A2B9 /* rpl.c */,
				5D8208411011270A00B7A2B9 /* rtmp.c */,
				5D8208421011270A00B7A2B9 /* rtmp.h */,
				5D8208431011270A00B7A2B9 /* rtp.c */,
				5D8208441011270A00B7A2B9 /* rtp.h */,
				5D8208451011270A00B7A2B9 /* rtp_aac.c */,
				5D8208461011270A00B7A2B9 /* rtp_aac.h */,
				5D8208471011270A00B7A2B9 /* rtp_asf.c */,
				5D8208481011270A00B7A2B9 /* rtp_asf.h */,
				5D8208491011270A00B7A2B9 /* rtp_h264.c */,
				5D82084A1011270A00B7A2B9 /* rtp_h264.h */,
				5D82084B1011270A00B7A2B9 /* rtp_internal.h */,
				5D82084C1011270A00B7A2B9 /* rtp_mpv.c */,
				5D82084D1011270A00B7A2B9 /* rtp_mpv.h */,
				5D82084E1011270A00B7A2B9 /* rtpdec.c */,
				5D82084F1011270A00B7A2B9 /* rtpenc.c */,
				5D8208501011270A00B7A2B9 /* rtpenc_h264.c */,
				5D8208511011270A00B7A2B9 /* rtpproto.c */,
				5D8208521011270A00B7A2B9 /* rtsp.c */,
				5D8208531011270A00B7A2B9 /* rtsp.h */,
				5D8208541011270A00B7A2B9 /* rtspcodes.h */,
				5D8208551011270A00B7A2B9 /* sdp.c */,
				5D8208561011270A00B7A2B9 /* segafilm.c */,
				5D8208571011270A00B7A2B9 /* sierravmd.c */,
				5D8208581011270A00B7A2B9 /* siff.c */,
				5D8208591011270A00B7A2B9 /* smacker.c */,
				5D82085A1011270A00B7A2B9 /* sol.c */,
				5D82085B1011270A00B7A2B9 /* swf.h */,
				5D82085C1011270A00B7A2B9 /* swfdec.c */,
				5D82085D1011270A00B7A2B9 /* swfenc.c */,
				5D82085E1011270A00B7A2B9 /* tcp.c */,
				5D82085F1011270A00B7A2B9 /* thp.c */,
				5D8208601011270A00B7A2B9 /* tiertexseq.c */,
				5D8208611011270A00B7A2B9 /* tta.c */,
				5D8208621011270A00B7A2B9 /* txd.c */,
				5D8208631011270A00B7A2B9 /* udp.c */,
				5D8208641011270A00B7A2B9 /* utils.c */,
				5D8208651011270A00B7A2B9 /* vc1test.c */,
				5D8208661011270A00B7A2B9 /* vc1testenc.c */,
				5D8208671011270A00B7A2B9 /* voc.c */,
				5D8208681011270A00B7A2B9 /* voc.h */,
				5D8208691011270A00B7A2B9 /* vocdec.c */,
				5D82086A1011270A00B7A2B9 /* vocenc.c */,
				5D82086B1011270A00B7A2B9 /* wav.c */,
				5D82086C1011270A00B7A2B9 /* wc3movie.c */,
				5D82086D1011270A00B7A2B9 /* westwood.c */,
				5D82086E1011270A00B7A2B9 /* wv.c */,
				5D82086F1011270A00B7A2B9 /* xa.c */,
				5D8208701011270A00B7A2B9 /* yuv4mpeg.c */,
			);
			name = Sources;
			sourceTree = "<group>";
		};
/* End PBXGroup section */

/* Begin PBXHeadersBuildPhase section */
		D2AAC07A0554694100DB518D /* Headers */ = {
			isa = PBXHeadersBuildPhase;
			buildActionMask = 2147483647;
			files = (
				AA747D9F0F9514B9006C5449 /* libavformat_Prefix.pch in Headers */,
				5D82087A1011270A00B7A2B9 /* asf.h in Headers */,
				5D82087C1011270A00B7A2B9 /* asfcrypt.h in Headers */,
				5D8208811011270A00B7A2B9 /* avc.h in Headers */,
				5D8208821011270A00B7A2B9 /* avformat.h in Headers */,
				5D8208831011270A00B7A2B9 /* avi.h in Headers */,
				5D8208871011270A00B7A2B9 /* avio.h in Headers */,
				5D8208921011270A00B7A2B9 /* dv.h in Headers */,
				5D8208971011270A00B7A2B9 /* ffm.h in Headers */,
				5D82089C1011270A00B7A2B9 /* flv.h in Headers */,
				5D8208A11011270A00B7A2B9 /* framehook.h in Headers */,
				5D8208A41011270A00B7A2B9 /* gxf.h in Headers */,
				5D8208A81011270A00B7A2B9 /* id3v2.h in Headers */,
				5D8208AD1011270A00B7A2B9 /* internal.h in Headers */,
				5D8208B01011270A00B7A2B9 /* isom.h in Headers */,
				5D8208B41011270A00B7A2B9 /* matroska.h in Headers */,
				5D8208B81011270A00B7A2B9 /* metadata.h in Headers */,
				5D8208BD1011270A00B7A2B9 /* mms_private.h in Headers */,
				5D8208BF1011270A00B7A2B9 /* mms_tcp.h in Headers */,
				5D8208C61011270A00B7A2B9 /* mpeg.h in Headers */,
				5D8208C91011270A00B7A2B9 /* mpegts.h in Headers */,
				5D8208D01011270A00B7A2B9 /* mxf.h in Headers */,
				5D8208D31011270A00B7A2B9 /* network.h in Headers */,
				5D8208D61011270A00B7A2B9 /* nut.h in Headers */,
				5D8208DB1011270A00B7A2B9 /* oggdec.h in Headers */,
				5D8208E51011270A00B7A2B9 /* os_support.h in Headers */,
				5D8208E91011270A00B7A2B9 /* qcelpdata.h in Headers */,
				5D8208EB1011270A00B7A2B9 /* qtpalette.h in Headers */,
				5D8208EE1011270A00B7A2B9 /* raw.h in Headers */,
				5D8208F01011270A00B7A2B9 /* rdt.h in Headers */,
				5D8208F21011270A00B7A2B9 /* riff.h in Headers */,
				5D8208F41011270A00B7A2B9 /* rm.h in Headers */,
				5D8208F91011270A00B7A2B9 /* rtmp.h in Headers */,
				5D8208FB1011270A00B7A2B9 /* rtp.h in Headers */,
				5D8208FD1011270A00B7A2B9 /* rtp_aac.h in Headers */,
				5D8208FF1011270A00B7A2B9 /* rtp_asf.h in Headers */,
				5D8209011011270A00B7A2B9 /* rtp_h264.h in Headers */,
				5D8209021011270A00B7A2B9 /* rtp_internal.h in Headers */,
				5D8209041011270A00B7A2B9 /* rtp_mpv.h in Headers */,
				5D82090A1011270A00B7A2B9 /* rtsp.h in Headers */,
				5D82090B1011270A00B7A2B9 /* rtspcodes.h in Headers */,
				5D8209121011270A00B7A2B9 /* swf.h in Headers */,
				5D82091F1011270A00B7A2B9 /* voc.h in Headers */,
				C6159CF710C9A5CF009F9104 /* rtmppkt.h in Headers */,
			);
			runOnlyForDeploymentPostprocessing = 0;
		};
/* End PBXHeadersBuildPhase section */

/* Begin PBXNativeTarget section */
		D2AAC07D0554694100DB518D /* libavformat */ = {
			isa = PBXNativeTarget;
			buildConfigurationList = 1DEB921E08733DC00010E9CD /* Build configuration list for PBXNativeTarget "libavformat" */;
			buildPhases = (
				D2AAC07A0554694100DB518D /* Headers */,
				D2AAC07B0554694100DB518D /* Sources */,
				D2AAC07C0554694100DB518D /* Frameworks */,
			);
			buildRules = (
			);
			dependencies = (
			);
			name = libavformat;
			productName = libavcodec;
			productReference = D2AAC07E0554694100DB518D /* liblibavformat.a */;
			productType = "com.apple.product-type.library.static";
		};
/* End PBXNativeTarget section */

/* Begin PBXProject section */
		0867D690FE84028FC02AAC07 /* Project object */ = {
			isa = PBXProject;
			attributes = {
			};
			buildConfigurationList = 1DEB922208733DC00010E9CD /* Build configuration list for PBXProject "libavformat" */;
			compatibilityVersion = "Xcode 3.1";
			developmentRegion = English;
			hasScannedForEncodings = 1;
			knownRegions = (
				en,
			);
			mainGroup = 0867D691FE84028FC02AAC07 /* libavcodec */;
			productRefGroup = 034768DFFF38A50411DB9C8B /* Products */;
			projectDirPath = "";
			projectRoot = "";
			targets = (
				D2AAC07D0554694100DB518D /* libavformat */,
			);
		};
/* End PBXProject section */

/* Begin PBXSourcesBuildPhase section */
		D2AAC07B0554694100DB518D /* Sources */ = {
			isa = PBXSourcesBuildPhase;
			buildActionMask = 2147483647;
			files = (
				5D8208711011270A00B7A2B9 /* 4xm.c in Sources */,
				5D8208721011270A00B7A2B9 /* adtsenc.c in Sources */,
				5D8208731011270A00B7A2B9 /* aiff.c in Sources */,
				5D8208741011270A00B7A2B9 /* allformats.c in Sources */,
				5D8208751011270A00B7A2B9 /* amr.c in Sources */,
				5D8208761011270A00B7A2B9 /* apc.c in Sources */,
				5D8208771011270A00B7A2B9 /* ape.c in Sources */,
				5D8208781011270A00B7A2B9 /* asf-enc.c in Sources */,
				5D8208791011270A00B7A2B9 /* asf.c in Sources */,
				5D82087B1011270A00B7A2B9 /* asfcrypt.c in Sources */,
				5D82087D1011270A00B7A2B9 /* assdec.c in Sources */,
				5D82087E1011270A00B7A2B9 /* assenc.c in Sources */,
				5D82087F1011270A00B7A2B9 /* au.c in Sources */,
				5D8208801011270A00B7A2B9 /* avc.c in Sources */,
				5D8208841011270A00B7A2B9 /* avidec.c in Sources */,
				5D8208851011270A00B7A2B9 /* avienc.c in Sources */,
				5D8208861011270A00B7A2B9 /* avio.c in Sources */,
				5D8208881011270A00B7A2B9 /* aviobuf.c in Sources */,
				5D8208891011270A00B7A2B9 /* avs.c in Sources */,
				5D82088A1011270A00B7A2B9 /* bethsoftvid.c in Sources */,
				5D82088B1011270A00B7A2B9 /* bfi.c in Sources */,
				5D82088C1011270A00B7A2B9 /* c93.c in Sources */,
				5D82088D1011270A00B7A2B9 /* crcenc.c in Sources */,
				5D82088E1011270A00B7A2B9 /* cutils.c in Sources */,
				5D82088F1011270A00B7A2B9 /* daud.c in Sources */,
				5D8208901011270A00B7A2B9 /* dsicin.c in Sources */,
				5D8208911011270A00B7A2B9 /* dv.c in Sources */,
				5D8208931011270A00B7A2B9 /* dvenc.c in Sources */,
				5D8208941011270A00B7A2B9 /* dxa.c in Sources */,
				5D8208951011270A00B7A2B9 /* eacdata.c in Sources */,
				5D8208961011270A00B7A2B9 /* electronicarts.c in Sources */,
				5D8208981011270A00B7A2B9 /* ffmdec.c in Sources */,
				5D8208991011270A00B7A2B9 /* ffmenc.c in Sources */,
				5D82089A1011270A00B7A2B9 /* file.c in Sources */,
				5D82089B1011270A00B7A2B9 /* flic.c in Sources */,
				5D82089D1011270A00B7A2B9 /* flvdec.c in Sources */,
				5D82089E1011270A00B7A2B9 /* flvenc.c in Sources */,
				5D82089F1011270A00B7A2B9 /* framecrcenc.c in Sources */,
				5D8208A01011270A00B7A2B9 /* framehook.c in Sources */,
				5D8208A21011270A00B7A2B9 /* gif.c in Sources */,
				5D8208A31011270A00B7A2B9 /* gxf.c in Sources */,
				5D8208A51011270A00B7A2B9 /* gxfenc.c in Sources */,
				5D8208A61011270A00B7A2B9 /* http.c in Sources */,
				5D8208A71011270A00B7A2B9 /* id3v2.c in Sources */,
				5D8208A91011270A00B7A2B9 /* idcin.c in Sources */,
				5D8208AA1011270A00B7A2B9 /* idroq.c in Sources */,
				5D8208AB1011270A00B7A2B9 /* iff.c in Sources */,
				5D8208AC1011270A00B7A2B9 /* img2.c in Sources */,
				5D8208AE1011270A00B7A2B9 /* ipmovie.c in Sources */,
				5D8208AF1011270A00B7A2B9 /* isom.c in Sources */,
				5D8208B11011270A00B7A2B9 /* iss.c in Sources */,
				5D8208B21011270A00B7A2B9 /* lmlm4.c in Sources */,
				5D8208B31011270A00B7A2B9 /* matroska.c in Sources */,
				5D8208B51011270A00B7A2B9 /* matroskadec.c in Sources */,
				5D8208B61011270A00B7A2B9 /* matroskaenc.c in Sources */,
				5D8208B71011270A00B7A2B9 /* metadata.c in Sources */,
				5D8208B91011270A00B7A2B9 /* metadata_compat.c in Sources */,
				5D8208BA1011270A00B7A2B9 /* mm.c in Sources */,
				5D8208BB1011270A00B7A2B9 /* mmf.c in Sources */,
				5D8208BC1011270A00B7A2B9 /* mms_http.c in Sources */,
				5D8208BE1011270A00B7A2B9 /* mms_tcp.c in Sources */,
				5D8208C01011270A00B7A2B9 /* mov.c in Sources */,
				5D8208C11011270A00B7A2B9 /* movenc.c in Sources */,
				5D8208C21011270A00B7A2B9 /* mp3.c in Sources */,
				5D8208C31011270A00B7A2B9 /* mpc.c in Sources */,
				5D8208C41011270A00B7A2B9 /* mpc8.c in Sources */,
				5D8208C51011270A00B7A2B9 /* mpeg.c in Sources */,
				5D8208C71011270A00B7A2B9 /* mpegenc.c in Sources */,
				5D8208C81011270A00B7A2B9 /* mpegts.c in Sources */,
				5D8208CA1011270A00B7A2B9 /* mpegtsenc.c in Sources */,
				5D8208CB1011270A00B7A2B9 /* mpjpeg.c in Sources */,
				5D8208CC1011270A00B7A2B9 /* msnwc_tcp.c in Sources */,
				5D8208CD1011270A00B7A2B9 /* mtv.c in Sources */,
				5D8208CE1011270A00B7A2B9 /* mvi.c in Sources */,
				5D8208CF1011270A00B7A2B9 /* mxf.c in Sources */,
				5D8208D11011270A00B7A2B9 /* mxfdec.c in Sources */,
				5D8208D21011270A00B7A2B9 /* mxfenc.c in Sources */,
				5D8208D41011270A00B7A2B9 /* nsvdec.c in Sources */,
				5D8208D51011270A00B7A2B9 /* nut.c in Sources */,
				5D8208D71011270A00B7A2B9 /* nutdec.c in Sources */,
				5D8208D81011270A00B7A2B9 /* nutenc.c in Sources */,
				5D8208D91011270A00B7A2B9 /* nuv.c in Sources */,
				5D8208DA1011270A00B7A2B9 /* oggdec.c in Sources */,
				5D8208DC1011270A00B7A2B9 /* oggenc.c in Sources */,
				5D8208DD1011270A00B7A2B9 /* oggparseflac.c in Sources */,
				5D8208DE1011270A00B7A2B9 /* oggparseogm.c in Sources */,
				5D8208DF1011270A00B7A2B9 /* oggparsespeex.c in Sources */,
				5D8208E01011270A00B7A2B9 /* oggparsetheora.c in Sources */,
				5D8208E11011270A00B7A2B9 /* oggparsevorbis.c in Sources */,
				5D8208E21011270A00B7A2B9 /* oma.c in Sources */,
				5D8208E31011270A00B7A2B9 /* options.c in Sources */,
				5D8208E41011270A00B7A2B9 /* os_support.c in Sources */,
				5D8208E61011270A00B7A2B9 /* psxstr.c in Sources */,
				5D8208E71011270A00B7A2B9 /* pva.c in Sources */,
				5D8208E81011270A00B7A2B9 /* qcelp_lsp.c in Sources */,
				5D8208EA1011270A00B7A2B9 /* qcelpdec.c in Sources */,
				5D8208EC1011270A00B7A2B9 /* r3d.c in Sources */,
				5D8208ED1011270A00B7A2B9 /* raw.c in Sources */,
				5D8208EF1011270A00B7A2B9 /* rdt.c in Sources */,
				5D8208F11011270A00B7A2B9 /* riff.c in Sources */,
				5D8208F31011270A00B7A2B9 /* rl2.c in Sources */,
				5D8208F51011270A00B7A2B9 /* rmdec.c in Sources */,
				5D8208F61011270A00B7A2B9 /* rmenc.c in Sources */,
				5D8208F71011270A00B7A2B9 /* rpl.c in Sources */,
				5D8208FA1011270A00B7A2B9 /* rtp.c in Sources */,
				5D8208FC1011270A00B7A2B9 /* rtp_aac.c in Sources */,
				5D8208FE1011270A00B7A2B9 /* rtp_asf.c in Sources */,
				5D8209001011270A00B7A2B9 /* rtp_h264.c in Sources */,
				5D8209031011270A00B7A2B9 /* rtp_mpv.c in Sources */,
				5D8209051011270A00B7A2B9 /* rtpdec.c in Sources */,
				5D8209061011270A00B7A2B9 /* rtpenc.c in Sources */,
				5D8209071011270A00B7A2B9 /* rtpenc_h264.c in Sources */,
				5D8209081011270A00B7A2B9 /* rtpproto.c in Sources */,
				5D8209091011270A00B7A2B9 /* rtsp.c in Sources */,
				5D82090C1011270A00B7A2B9 /* sdp.c in Sources */,
				5D82090D1011270A00B7A2B9 /* segafilm.c in Sources */,
				5D82090E1011270A00B7A2B9 /* sierravmd.c in Sources */,
				5D82090F1011270A00B7A2B9 /* siff.c in Sources */,
				5D8209101011270A00B7A2B9 /* smacker.c in Sources */,
				5D8209111011270A00B7A2B9 /* sol.c in Sources */,
				5D8209131011270A00B7A2B9 /* swfdec.c in Sources */,
				5D8209141011270A00B7A2B9 /* swfenc.c in Sources */,
				5D8209151011270A00B7A2B9 /* tcp.c in Sources */,
				5D8209161011270A00B7A2B9 /* thp.c in Sources */,
				5D8209171011270A00B7A2B9 /* tiertexseq.c in Sources */,
				5D8209181011270A00B7A2B9 /* tta.c in Sources */,
				5D8209191011270A00B7A2B9 /* txd.c in Sources */,
				5D82091A1011270A00B7A2B9 /* udp.c in Sources */,
				5D82091B1011270A00B7A2B9 /* utils.c in Sources */,
				5D82091C1011270A00B7A2B9 /* vc1test.c in Sources */,
				5D82091D1011270A00B7A2B9 /* vc1testenc.c in Sources */,
				5D82091E1011270A00B7A2B9 /* voc.c in Sources */,
				5D8209201011270A00B7A2B9 /* vocdec.c in Sources */,
				5D8209211011270A00B7A2B9 /* vocenc.c in Sources */,
				5D8209221011270A00B7A2B9 /* wav.c in Sources */,
				5D8209231011270A00B7A2B9 /* wc3movie.c in Sources */,
				5D8209241011270A00B7A2B9 /* westwood.c in Sources */,
				5D8209251011270A00B7A2B9 /* wv.c in Sources */,
				5D8209261011270A00B7A2B9 /* xa.c in Sources */,
				5D8209271011270A00B7A2B9 /* yuv4mpeg.c in Sources */,
				5D8209A310112A3000B7A2B9 /* mms_protocol.c in Sources */,
				C6159CF610C9A5CF009F9104 /* rtmppkt.c in Sources */,
				C6159CF810C9A5CF009F9104 /* rtmpproto.c in Sources */,
			);
			runOnlyForDeploymentPostprocessing = 0;
		};
/* End PBXSourcesBuildPhase section */

/* Begin XCBuildConfiguration section */
		1DEB921F08733DC00010E9CD /* Debug */ = {
			isa = XCBuildConfiguration;
			buildSettings = {
				ALWAYS_SEARCH_USER_PATHS = NO;
				ARCHS = "$(ARCHS_STANDARD_32_BIT)";
				COPY_PHASE_STRIP = NO;
				DSTROOT = /tmp/libavformat.dst;
				GCC_DYNAMIC_NO_PIC = NO;
				GCC_ENABLE_FIX_AND_CONTINUE = YES;
				GCC_MODEL_TUNING = G5;
				GCC_OPTIMIZATION_LEVEL = 0;
				GCC_PRECOMPILE_PREFIX_HEADER = YES;
				GCC_PREFIX_HEADER = libavformat_Prefix.pch;
				GCC_PREPROCESSOR_DEFINITIONS = "";
				GCC_VERSION = "";
				GCC_WARN_ABOUT_RETURN_TYPE = YES;
				GCC_WARN_UNUSED_VARIABLE = NO;
				HEADER_SEARCH_PATHS = (
					"$(SRCROOT)/../libavutil",
					"$(SRCROOT)/..",
				);
				INSTALL_PATH = /usr/local/lib;
				ONLY_ACTIVE_ARCH = YES;
				PRODUCT_NAME = libavformat;
				SDKROOT = iphoneos2.0;
				WARNING_CFLAGS = (
					"-Wno-sign-compare",
					"-Wdeclaration-after-statement",
					"-Wno-switch",
					"-Wpointer-arith",
					"-Wredundant-decls",
					"-Wno-pointer-sign",
					"-Wcast-qual",
					"-Wwrite-strings",
				);
			};
			name = Debug;
		};
		1DEB922008733DC00010E9CD /* Release */ = {
			isa = XCBuildConfiguration;
			buildSettings = {
				ALWAYS_SEARCH_USER_PATHS = NO;
				ARCHS = "$(ARCHS_STANDARD_32_BIT)";
				DSTROOT = /tmp/libavformat.dst;
				GCC_MODEL_TUNING = G5;
				GCC_PRECOMPILE_PREFIX_HEADER = YES;
				GCC_PREFIX_HEADER = libavformat_Prefix.pch;
				GCC_PREPROCESSOR_DEFINITIONS = "";
				GCC_VERSION = "";
				GCC_WARN_UNUSED_VARIABLE = NO;
				HEADER_SEARCH_PATHS = (
					"$(SRCROOT)/../libavutil",
					"$(SRCROOT)/..",
				);
				INSTALL_PATH = /usr/local/lib;
				PRODUCT_NAME = libavformat;
				SDKROOT = iphoneos2.0;
				WARNING_CFLAGS = (
					"-Wno-sign-compare",
					"-Wdeclaration-after-statement",
					"-Wno-switch",
					"-Wpointer-arith",
					"-Wredundant-decls",
					"-Wno-pointer-sign",
					"-Wcast-qual",
					"-Wwrite-strings",
				);
			};
			name = Release;
		};
		1DEB922308733DC00010E9CD /* Debug */ = {
			isa = XCBuildConfiguration;
			buildSettings = {
				ARCHS = "$(ARCHS_STANDARD_32_BIT)";
				GCC_C_LANGUAGE_STANDARD = c99;
				GCC_OPTIMIZATION_LEVEL = 0;
				GCC_THUMB_SUPPORT = NO;
				GCC_WARN_ABOUT_RETURN_TYPE = YES;
				GCC_WARN_UNUSED_VARIABLE = YES;
				ONLY_ACTIVE_ARCH = YES;
				OTHER_LDFLAGS = "-ObjC";
				PREBINDING = NO;
				SDKROOT = iphoneos3.0;
			};
			name = Debug;
		};
		1DEB922408733DC00010E9CD /* Release */ = {
			isa = XCBuildConfiguration;
			buildSettings = {
				ARCHS = "$(ARCHS_STANDARD_32_BIT)";
				GCC_C_LANGUAGE_STANDARD = c99;
				GCC_THUMB_SUPPORT = NO;
				GCC_WARN_ABOUT_RETURN_TYPE = YES;
				GCC_WARN_UNUSED_VARIABLE = YES;
				OTHER_LDFLAGS = "-ObjC";
				PREBINDING = NO;
				SDKROOT = iphoneos3.0;
			};
			name = Release;
		};
/* End XCBuildConfiguration section */

/* Begin XCConfigurationList section */
		1DEB921E08733DC00010E9CD /* Build configuration list for PBXNativeTarget "libavformat" */ = {
			isa = XCConfigurationList;
			buildConfigurations = (
				1DEB921F08733DC00010E9CD /* Debug */,
				1DEB922008733DC00010E9CD /* Release */,
			);
			defaultConfigurationIsVisible = 0;
			defaultConfigurationName = Release;
		};
		1DEB922208733DC00010E9CD /* Build configuration list for PBXProject "libavformat" */ = {
			isa = XCConfigurationList;
			buildConfigurations = (
				1DEB922308733DC00010E9CD /* Debug */,
				1DEB922408733DC00010E9CD /* Release */,
			);
			defaultConfigurationIsVisible = 0;
			defaultConfigurationName = Release;
		};
/* End XCConfigurationList section */
	};
	rootObject = 0867D690FE84028FC02AAC07 /* Project object */;
}
