// !$*UTF8*$!
{
	archiveVersion = 1;
	classes = {
	};
	objectVersion = 46;
	objects = {

/* Begin PBXBuildFile section */
		F5F739F9188093F2009DD284 /* Foundation.framework in Frameworks */ = {isa = PBXBuildFile; fileRef = F5F739F8188093F2009DD284 /* Foundation.framework */; };
		F5F739FB188093F2009DD284 /* CoreGraphics.framework in Frameworks */ = {isa = PBXBuildFile; fileRef = F5F739FA188093F2009DD284 /* CoreGraphics.framework */; };
		F5F739FD188093F2009DD284 /* UIKit.framework in Frameworks */ = {isa = PBXBuildFile; fileRef = F5F739FC188093F2009DD284 /* UIKit.framework */; };
		F5F73A03188093F2009DD284 /* InfoPlist.strings in Resources */ = {isa = PBXBuildFile; fileRef = F5F73A01188093F2009DD284 /* InfoPlist.strings */; };
		F5F73A05188093F2009DD284 /* main.m in Sources */ = {isa = PBXBuildFile; fileRef = F5F73A04188093F2009DD284 /* main.m */; };
		F5F73A09188093F2009DD284 /* comAppDelegate.m in Sources */ = {isa = PBXBuildFile; fileRef = F5F73A08188093F2009DD284 /* comAppDelegate.m */; };
		F5F73A14188093F2009DD284 /* Images.xcassets in Resources */ = {isa = PBXBuildFile; fileRef = F5F73A13188093F2009DD284 /* Images.xcassets */; };
		F5F73A5B188094D9009DD284 /* libGoogleAdMobAds.a in Frameworks */ = {isa = PBXBuildFile; fileRef = F5F73A3C188094D9009DD284 /* libGoogleAdMobAds.a */; };
		F5F73A5C188094D9009DD284 /* comContactViewController.m in Sources */ = {isa = PBXBuildFile; fileRef = F5F73A3F188094D9009DD284 /* comContactViewController.m */; };
		F5F73A5D188094D9009DD284 /* comFavoriteViewController.m in Sources */ = {isa = PBXBuildFile; fileRef = F5F73A41188094D9009DD284 /* comFavoriteViewController.m */; };
		F5F73A5E188094D9009DD284 /* comInfoViewController.m in Sources */ = {isa = PBXBuildFile; fileRef = F5F73A43188094D9009DD284 /* comInfoViewController.m */; };
		F5F73A60188094D9009DD284 /* comListenViewController.m in Sources */ = {isa = PBXBuildFile; fileRef = F5F73A47188094D9009DD284 /* comListenViewController.m */; };
		F5F73A61188094D9009DD284 /* comPlayerViewController.m in Sources */ = {isa = PBXBuildFile; fileRef = F5F73A49188094D9009DD284 /* comPlayerViewController.m */; };
		F5F73A62188094D9009DD284 /* comRadiaListViewController.m in Sources */ = {isa = PBXBuildFile; fileRef = F5F73A4B188094D9009DD284 /* comRadiaListViewController.m */; };
		F5F73A63188094D9009DD284 /* comWebViewController.m in Sources */ = {isa = PBXBuildFile; fileRef = F5F73A4D188094D9009DD284 /* comWebViewController.m */; };
		F5F73A64188094D9009DD284 /* AsyncImageView.m in Sources */ = {isa = PBXBuildFile; fileRef = F5F73A50188094D9009DD284 /* AsyncImageView.m */; };
		F5F73A65188094D9009DD284 /* Reachability.m in Sources */ = {isa = PBXBuildFile; fileRef = F5F73A52188094D9009DD284 /* Reachability.m */; };
		F5F73A67188094D9009DD284 /* comPlayer.m in Sources */ = {isa = PBXBuildFile; fileRef = F5F73A57188094D9009DD284 /* comPlayer.m */; };
		F5F73A68188094D9009DD284 /* Storyboard_iPad.storyboard in Resources */ = {isa = PBXBuildFile; fileRef = F5F73A59188094D9009DD284 /* Storyboard_iPad.storyboard */; };
		F5F73A69188094D9009DD284 /* Storyboard_IPhone.storyboard in Resources */ = {isa = PBXBuildFile; fileRef = F5F73A5A188094D9009DD284 /* Storyboard_IPhone.storyboard */; };
		F5F73A7A1880958B009DD284 /* AdSupport.framework in Frameworks */ = {isa = PBXBuildFile; fileRef = F5F73A6A1880958B009DD284 /* AdSupport.framework */; };
		F5F73A7B1880958B009DD284 /* AudioToolbox.framework in Frameworks */ = {isa = PBXBuildFile; fileRef = F5F73A6B1880958B009DD284 /* AudioToolbox.framework */; };
		F5F73A7C1880958B009DD284 /* AVFoundation.framework in Frameworks */ = {isa = PBXBuildFile; fileRef = F5F73A6C1880958B009DD284 /* AVFoundation.framework */; };
		F5F73A7D1880958B009DD284 /* CFNetwork.framework in Frameworks */ = {isa = PBXBuildFile; fileRef = F5F73A6D1880958B009DD284 /* CFNetwork.framework */; };
		F5F73A7E1880958B009DD284 /* CoreAudio.framework in Frameworks */ = {isa = PBXBuildFile; fileRef = F5F73A6E1880958B009DD284 /* CoreAudio.framework */; };
		F5F73A7F1880958B009DD284 /* CoreData.framework in Frameworks */ = {isa = PBXBuildFile; fileRef = F5F73A6F1880958B009DD284 /* CoreData.framework */; };
		F5F73A801880958B009DD284 /* CoreFoundation.framework in Frameworks */ = {isa = PBXBuildFile; fileRef = F5F73A701880958B009DD284 /* CoreFoundation.framework */; };
		F5F73A811880958B009DD284 /* libsqlite3.0.dylib in Frameworks */ = {isa = PBXBuildFile; fileRef = F5F73A711880958B009DD284 /* libsqlite3.0.dylib */; };
		F5F73A821880958B009DD284 /* libsqlite3.dylib in Frameworks */ = {isa = PBXBuildFile; fileRef = F5F73A721880958B009DD284 /* libsqlite3.dylib */; };
		F5F73A831880958B009DD284 /* libz.dylib in Frameworks */ = {isa = PBXBuildFile; fileRef = F5F73A731880958B009DD284 /* libz.dylib */; };
		F5F73A841880958B009DD284 /* MapKit.framework in Frameworks */ = {isa = PBXBuildFile; fileRef = F5F73A741880958B009DD284 /* MapKit.framework */; };
		F5F73A851880958B009DD284 /* MediaPlayer.framework in Frameworks */ = {isa = PBXBuildFile; fileRef = F5F73A751880958B009DD284 /* MediaPlayer.framework */; };
		F5F73A861880958B009DD284 /* MessageUI.framework in Frameworks */ = {isa = PBXBuildFile; fileRef = F5F73A761880958B009DD284 /* MessageUI.framework */; };
		F5F73A871880958B009DD284 /* QuartzCore.framework in Frameworks */ = {isa = PBXBuildFile; fileRef = F5F73A771880958B009DD284 /* QuartzCore.framework */; };
		F5F73A881880958B009DD284 /* StoreKit.framework in Frameworks */ = {isa = PBXBuildFile; fileRef = F5F73A781880958B009DD284 /* StoreKit.framework */; };
		F5F73A891880958B009DD284 /* SystemConfiguration.framework in Frameworks */ = {isa = PBXBuildFile; fileRef = F5F73A791880958B009DD284 /* SystemConfiguration.framework */; };
/* End PBXBuildFile section */

/* Begin PBXFileReference section */
		F5F739F5188093F2009DD284 /* iRadio.app */ = {isa = PBXFileReference; explicitFileType = wrapper.application; includeInIndex = 0; path = iRadio.app; sourceTree = BUILT_PRODUCTS_DIR; };
		F5F739F8188093F2009DD284 /* Foundation.framework */ = {isa = PBXFileReference; lastKnownFileType = wrapper.framework; name = Foundation.framework; path = System/Library/Frameworks/Foundation.framework; sourceTree = SDKROOT; };
		F5F739FA188093F2009DD284 /* CoreGraphics.framework */ = {isa = PBXFileReference; lastKnownFileType = wrapper.framework; name = CoreGraphics.framework; path = System/Library/Frameworks/CoreGraphics.framework; sourceTree = SDKROOT; };
		F5F739FC188093F2009DD284 /* UIKit.framework */ = {isa = PBXFileReference; lastKnownFileType = wrapper.framework; name = UIKit.framework; path = System/Library/Frameworks/UIKit.framework; sourceTree = SDKROOT; };
		F5F73A00188093F2009DD284 /* iRadio-Info.plist */ = {isa = PBXFileReference; lastKnownFileType = text.plist.xml; path = "iRadio-Info.plist"; sourceTree = "<group>"; };
		F5F73A02188093F2009DD284 /* en */ = {isa = PBXFileReference; lastKnownFileType = text.plist.strings; name = en; path = en.lproj/InfoPlist.strings; sourceTree = "<group>"; };
		F5F73A04188093F2009DD284 /* main.m */ = {isa = PBXFileReference; lastKnownFileType = sourcecode.c.objc; path = main.m; sourceTree = "<group>"; };
		F5F73A06188093F2009DD284 /* iRadio-Prefix.pch */ = {isa = PBXFileReference; lastKnownFileType = sourcecode.c.h; path = "iRadio-Prefix.pch"; sourceTree = "<group>"; };
		F5F73A07188093F2009DD284 /* comAppDelegate.h */ = {isa = PBXFileReference; lastKnownFileType = sourcecode.c.h; path = comAppDelegate.h; sourceTree = "<group>"; };
		F5F73A08188093F2009DD284 /* comAppDelegate.m */ = {isa = PBXFileReference; lastKnownFileType = sourcecode.c.objc; path = comAppDelegate.m; sourceTree = "<group>"; };
		F5F73A13188093F2009DD284 /* Images.xcassets */ = {isa = PBXFileReference; lastKnownFileType = folder.assetcatalog; path = Images.xcassets; sourceTree = "<group>"; };
		F5F73A1A188093F3009DD284 /* XCTest.framework */ = {isa = PBXFileReference; lastKnownFileType = wrapper.framework; name = XCTest.framework; path = Library/Frameworks/XCTest.framework; sourceTree = DEVELOPER_DIR; };
		F5F73A31188094D8009DD284 /* GADAdMobExtras.h */ = {isa = PBXFileReference; fileEncoding = 4; lastKnownFileType = sourcecode.c.h; path = GADAdMobExtras.h; sourceTree = "<group>"; };
		F5F73A32188094D9009DD284 /* GADAdNetworkExtras.h */ = {isa = PBXFileReference; fileEncoding = 4; lastKnownFileType = sourcecode.c.h; path = GADAdNetworkExtras.h; sourceTree = "<group>"; };
		F5F73A33188094D9009DD284 /* GADAdSize.h */ = {isa = PBXFileReference; fileEncoding = 4; lastKnownFileType = sourcecode.c.h; path = GADAdSize.h; sourceTree = "<group>"; };
		F5F73A34188094D9009DD284 /* GADBannerView.h */ = {isa = PBXFileReference; fileEncoding = 4; lastKnownFileType = sourcecode.c.h; path = GADBannerView.h; sourceTree = "<group>"; };
		F5F73A35188094D9009DD284 /* GADBannerViewDelegate.h */ = {isa = PBXFileReference; fileEncoding = 4; lastKnownFileType = sourcecode.c.h; path = GADBannerViewDelegate.h; sourceTree = "<group>"; };
		F5F73A36188094D9009DD284 /* GADInterstitial.h */ = {isa = PBXFileReference; fileEncoding = 4; lastKnownFileType = sourcecode.c.h; path = GADInterstitial.h; sourceTree = "<group>"; };
		F5F73A37188094D9009DD284 /* GADInterstitialDelegate.h */ = {isa = PBXFileReference; fileEncoding = 4; lastKnownFileType = sourcecode.c.h; path = GADInterstitialDelegate.h; sourceTree = "<group>"; };
		F5F73A38188094D9009DD284 /* GADRequest.h */ = {isa = PBXFileReference; fileEncoding = 4; lastKnownFileType = sourcecode.c.h; path = GADRequest.h; sourceTree = "<group>"; };
		F5F73A39188094D9009DD284 /* GADRequestError.h */ = {isa = PBXFileReference; fileEncoding = 4; lastKnownFileType = sourcecode.c.h; path = GADRequestError.h; sourceTree = "<group>"; };
		F5F73A3A188094D9009DD284 /* GADSearchBannerView.h */ = {isa = PBXFileReference; fileEncoding = 4; lastKnownFileType = sourcecode.c.h; path = GADSearchBannerView.h; sourceTree = "<group>"; };
		F5F73A3B188094D9009DD284 /* GADSearchRequest.h */ = {isa = PBXFileReference; fileEncoding = 4; lastKnownFileType = sourcecode.c.h; path = GADSearchRequest.h; sourceTree = "<group>"; };
		F5F73A3C188094D9009DD284 /* libGoogleAdMobAds.a */ = {isa = PBXFileReference; lastKnownFileType = archive.ar; name = libGoogleAdMobAds.a; path = iRadio/AdMob/libGoogleAdMobAds.a; sourceTree = "<group>"; };
		F5F73A3E188094D9009DD284 /* comContactViewController.h */ = {isa = PBXFileReference; fileEncoding = 4; lastKnownFileType = sourcecode.c.h; path = comContactViewController.h; sourceTree = "<group>"; };
		F5F73A3F188094D9009DD284 /* comContactViewController.m */ = {isa = PBXFileReference; fileEncoding = 4; lastKnownFileType = sourcecode.c.objc; path = comContactViewController.m; sourceTree = "<group>"; };
		F5F73A40188094D9009DD284 /* comFavoriteViewController.h */ = {isa = PBXFileReference; fileEncoding = 4; lastKnownFileType = sourcecode.c.h; path = comFavoriteViewController.h; sourceTree = "<group>"; };
		F5F73A41188094D9009DD284 /* comFavoriteViewController.m */ = {isa = PBXFileReference; fileEncoding = 4; lastKnownFileType = sourcecode.c.objc; path = comFavoriteViewController.m; sourceTree = "<group>"; };
		F5F73A42188094D9009DD284 /* comInfoViewController.h */ = {isa = PBXFileReference; fileEncoding = 4; lastKnownFileType = sourcecode.c.h; path = comInfoViewController.h; sourceTree = "<group>"; };
		F5F73A43188094D9009DD284 /* comInfoViewController.m */ = {isa = PBXFileReference; fileEncoding = 4; lastKnownFileType = sourcecode.c.objc; path = comInfoViewController.m; sourceTree = "<group>"; };
		F5F73A46188094D9009DD284 /* comListenViewController.h */ = {isa = PBXFileReference; fileEncoding = 4; lastKnownFileType = sourcecode.c.h; path = comListenViewController.h; sourceTree = "<group>"; };
		F5F73A47188094D9009DD284 /* comListenViewController.m */ = {isa = PBXFileReference; fileEncoding = 4; lastKnownFileType = sourcecode.c.objc; path = comListenViewController.m; sourceTree = "<group>"; };
		F5F73A48188094D9009DD284 /* comPlayerViewController.h */ = {isa = PBXFileReference; fileEncoding = 4; lastKnownFileType = sourcecode.c.h; path = comPlayerViewController.h; sourceTree = "<group>"; };
		F5F73A49188094D9009DD284 /* comPlayerViewController.m */ = {isa = PBXFileReference; fileEncoding = 4; lastKnownFileType = sourcecode.c.objc; path = comPlayerViewController.m; sourceTree = "<group>"; };
		F5F73A4A188094D9009DD284 /* comRadiaListViewController.h */ = {isa = PBXFileReference; fileEncoding = 4; lastKnownFileType = sourcecode.c.h; path = comRadiaListViewController.h; sourceTree = "<group>"; };
		F5F73A4B188094D9009DD284 /* comRadiaListViewController.m */ = {isa = PBXFileReference; fileEncoding = 4; lastKnownFileType = sourcecode.c.objc; path = comRadiaListViewController.m; sourceTree = "<group>"; };
		F5F73A4C188094D9009DD284 /* comWebViewController.h */ = {isa = PBXFileReference; fileEncoding = 4; lastKnownFileType = sourcecode.c.h; path = comWebViewController.h; sourceTree = "<group>"; };
		F5F73A4D188094D9009DD284 /* comWebViewController.m */ = {isa = PBXFileReference; fileEncoding = 4; lastKnownFileType = sourcecode.c.objc; path = comWebViewController.m; sourceTree = "<group>"; };
		F5F73A4F188094D9009DD284 /* AsyncImageView.h */ = {isa = PBXFileReference; fileEncoding = 4; lastKnownFileType = sourcecode.c.h; path = AsyncImageView.h; sourceTree = "<group>"; };
		F5F73A50188094D9009DD284 /* AsyncImageView.m */ = {isa = PBXFileReference; fileEncoding = 4; lastKnownFileType = sourcecode.c.objc; path = AsyncImageView.m; sourceTree = "<group>"; };
		F5F73A51188094D9009DD284 /* Reachability.h */ = {isa = PBXFileReference; fileEncoding = 4; lastKnownFileType = sourcecode.c.h; path = Reachability.h; sourceTree = "<group>"; };
		F5F73A52188094D9009DD284 /* Reachability.m */ = {isa = PBXFileReference; fileEncoding = 4; lastKnownFileType = sourcecode.c.objc; path = Reachability.m; sourceTree = "<group>"; };
		F5F73A56188094D9009DD284 /* comPlayer.h */ = {isa = PBXFileReference; fileEncoding = 4; lastKnownFileType = sourcecode.c.h; path = comPlayer.h; sourceTree = "<group>"; };
		F5F73A57188094D9009DD284 /* comPlayer.m */ = {isa = PBXFileReference; fileEncoding = 4; lastKnownFileType = sourcecode.c.objc; path = comPlayer.m; sourceTree = "<group>"; };
		F5F73A59188094D9009DD284 /* Storyboard_iPad.storyboard */ = {isa = PBXFileReference; fileEncoding = 4; lastKnownFileType = file.storyboard; path = Storyboard_iPad.storyboard; sourceTree = "<group>"; };
		F5F73A5A188094D9009DD284 /* Storyboard_IPhone.storyboard */ = {isa = PBXFileReference; fileEncoding = 4; lastKnownFileType = file.storyboard; path = Storyboard_IPhone.storyboard; sourceTree = "<group>"; };
		F5F73A6A1880958B009DD284 /* AdSupport.framework */ = {isa = PBXFileReference; lastKnownFileType = wrapper.framework; name = AdSupport.framework; path = System/Library/Frameworks/AdSupport.framework; sourceTree = SDKROOT; };
		F5F73A6B1880958B009DD284 /* AudioToolbox.framework */ = {isa = PBXFileReference; lastKnownFileType = wrapper.framework; name = AudioToolbox.framework; path = System/Library/Frameworks/AudioToolbox.framework; sourceTree = SDKROOT; };
		F5F73A6C1880958B009DD284 /* AVFoundation.framework */ = {isa = PBXFileReference; lastKnownFileType = wrapper.framework; name = AVFoundation.framework; path = System/Library/Frameworks/AVFoundation.framework; sourceTree = SDKROOT; };
		F5F73A6D1880958B009DD284 /* CFNetwork.framework */ = {isa = PBXFileReference; lastKnownFileType = wrapper.framework; name = CFNetwork.framework; path = System/Library/Frameworks/CFNetwork.framework; sourceTree = SDKROOT; };
		F5F73A6E1880958B009DD284 /* CoreAudio.framework */ = {isa = PBXFileReference; lastKnownFileType = wrapper.framework; name = CoreAudio.framework; path = System/Library/Frameworks/CoreAudio.framework; sourceTree = SDKROOT; };
		F5F73A6F1880958B009DD284 /* CoreData.framework */ = {isa = PBXFileReference; lastKnownFileType = wrapper.framework; name = CoreData.framework; path = System/Library/Frameworks/CoreData.framework; sourceTree = SDKROOT; };
		F5F73A701880958B009DD284 /* CoreFoundation.framework */ = {isa = PBXFileReference; lastKnownFileType = wrapper.framework; name = CoreFoundation.framework; path = System/Library/Frameworks/CoreFoundation.framework; sourceTree = SDKROOT; };
		F5F73A711880958B009DD284 /* libsqlite3.0.dylib */ = {isa = PBXFileReference; lastKnownFileType = "compiled.mach-o.dylib"; name = libsqlite3.0.dylib; path = usr/lib/libsqlite3.0.dylib; sourceTree = SDKROOT; };
		F5F73A721880958B009DD284 /* libsqlite3.dylib */ = {isa = PBXFileReference; lastKnownFileType = "compiled.mach-o.dylib"; name = libsqlite3.dylib; path = usr/lib/libsqlite3.dylib; sourceTree = SDKROOT; };
		F5F73A731880958B009DD284 /* libz.dylib */ = {isa = PBXFileReference; lastKnownFileType = "compiled.mach-o.dylib"; name = libz.dylib; path = usr/lib/libz.dylib; sourceTree = SDKROOT; };
		F5F73A741880958B009DD284 /* MapKit.framework */ = {isa = PBXFileReference; lastKnownFileType = wrapper.framework; name = MapKit.framework; path = System/Library/Frameworks/MapKit.framework; sourceTree = SDKROOT; };
		F5F73A751880958B009DD284 /* MediaPlayer.framework */ = {isa = PBXFileReference; lastKnownFileType = wrapper.framework; name = MediaPlayer.framework; path = System/Library/Frameworks/MediaPlayer.framework; sourceTree = SDKROOT; };
		F5F73A761880958B009DD284 /* MessageUI.framework */ = {isa = PBXFileReference; lastKnownFileType = wrapper.framework; name = MessageUI.framework; path = System/Library/Frameworks/MessageUI.framework; sourceTree = SDKROOT; };
		F5F73A771880958B009DD284 /* QuartzCore.framework */ = {isa = PBXFileReference; lastKnownFileType = wrapper.framework; name = QuartzCore.framework; path = System/Library/Frameworks/QuartzCore.framework; sourceTree = SDKROOT; };
		F5F73A781880958B009DD284 /* StoreKit.framework */ = {isa = PBXFileReference; lastKnownFileType = wrapper.framework; name = StoreKit.framework; path = System/Library/Frameworks/StoreKit.framework; sourceTree = SDKROOT; };
		F5F73A791880958B009DD284 /* SystemConfiguration.framework */ = {isa = PBXFileReference; lastKnownFileType = wrapper.framework; name = SystemConfiguration.framework; path = System/Library/Frameworks/SystemConfiguration.framework; sourceTree = SDKROOT; };
/* End PBXFileReference section */

/* Begin PBXFrameworksBuildPhase section */
		F5F739F2188093F2009DD284 /* Frameworks */ = {
			isa = PBXFrameworksBuildPhase;
			buildActionMask = 2147483647;
			files = (
				F5F73A7A1880958B009DD284 /* AdSupport.framework in Frameworks */,
				F5F73A7B1880958B009DD284 /* AudioToolbox.framework in Frameworks */,
				F5F73A7C1880958B009DD284 /* AVFoundation.framework in Frameworks */,
				F5F73A7D1880958B009DD284 /* CFNetwork.framework in Frameworks */,
				F5F73A7E1880958B009DD284 /* CoreAudio.framework in Frameworks */,
				F5F73A7F1880958B009DD284 /* CoreData.framework in Frameworks */,
				F5F73A801880958B009DD284 /* CoreFoundation.framework in Frameworks */,
				F5F73A811880958B009DD284 /* libsqlite3.0.dylib in Frameworks */,
				F5F73A821880958B009DD284 /* libsqlite3.dylib in Frameworks */,
				F5F73A831880958B009DD284 /* libz.dylib in Frameworks */,
				F5F73A841880958B009DD284 /* MapKit.framework in Frameworks */,
				F5F73A851880958B009DD284 /* MediaPlayer.framework in Frameworks */,
				F5F73A861880958B009DD284 /* MessageUI.framework in Frameworks */,
				F5F73A871880958B009DD284 /* QuartzCore.framework in Frameworks */,
				F5F73A881880958B009DD284 /* StoreKit.framework in Frameworks */,
				F5F73A891880958B009DD284 /* SystemConfiguration.framework in Frameworks */,
				F5F739FB188093F2009DD284 /* CoreGraphics.framework in Frameworks */,
				F5F739FD188093F2009DD284 /* UIKit.framework in Frameworks */,
				F5F73A5B188094D9009DD284 /* libGoogleAdMobAds.a in Frameworks */,
				F5F739F9188093F2009DD284 /* Foundation.framework in Frameworks */,
			);
			runOnlyForDeploymentPostprocessing = 0;
		};
/* End PBXFrameworksBuildPhase section */

/* Begin PBXGroup section */
		F5F739EC188093F2009DD284 = {
			isa = PBXGroup;
			children = (
				F5F739FE188093F2009DD284 /* iRadio */,
				F5F739F7188093F2009DD284 /* Frameworks */,
				F5F739F6188093F2009DD284 /* Products */,
			);
			sourceTree = "<group>";
		};
		F5F739F6188093F2009DD284 /* Products */ = {
			isa = PBXGroup;
			children = (
				F5F739F5188093F2009DD284 /* iRadio.app */,
			);
			name = Products;
			sourceTree = "<group>";
		};
		F5F739F7188093F2009DD284 /* Frameworks */ = {
			isa = PBXGroup;
			children = (
				F5F73A6A1880958B009DD284 /* AdSupport.framework */,
				F5F73A6B1880958B009DD284 /* AudioToolbox.framework */,
				F5F73A6C1880958B009DD284 /* AVFoundation.framework */,
				F5F73A6D1880958B009DD284 /* CFNetwork.framework */,
				F5F73A6E1880958B009DD284 /* CoreAudio.framework */,
				F5F73A6F1880958B009DD284 /* CoreData.framework */,
				F5F73A701880958B009DD284 /* CoreFoundation.framework */,
				F5F73A711880958B009DD284 /* libsqlite3.0.dylib */,
				F5F73A721880958B009DD284 /* libsqlite3.dylib */,
				F5F73A731880958B009DD284 /* libz.dylib */,
				F5F73A741880958B009DD284 /* MapKit.framework */,
				F5F73A751880958B009DD284 /* MediaPlayer.framework */,
				F5F73A761880958B009DD284 /* MessageUI.framework */,
				F5F73A771880958B009DD284 /* QuartzCore.framework */,
				F5F73A781880958B009DD284 /* StoreKit.framework */,
				F5F73A791880958B009DD284 /* SystemConfiguration.framework */,
				F5F73A3C188094D9009DD284 /* libGoogleAdMobAds.a */,
				F5F739F8188093F2009DD284 /* Foundation.framework */,
				F5F739FA188093F2009DD284 /* CoreGraphics.framework */,
				F5F739FC188093F2009DD284 /* UIKit.framework */,
				F5F73A1A188093F3009DD284 /* XCTest.framework */,
			);
			name = Frameworks;
			sourceTree = "<group>";
		};
		F5F739FE188093F2009DD284 /* iRadio */ = {
			isa = PBXGroup;
			children = (
				F5F73A30188094D8009DD284 /* AdMob */,
				F5F73A3D188094D9009DD284 /* Classes */,
				F5F73A4E188094D9009DD284 /* Common */,
				F5F73A53188094D9009DD284 /* Player */,
				F5F73A58188094D9009DD284 /* Storyboard */,
				F5F73A07188093F2009DD284 /* comAppDelegate.h */,
				F5F73A08188093F2009DD284 /* comAppDelegate.m */,
				F5F73A13188093F2009DD284 /* Images.xcassets */,
				F5F739FF188093F2009DD284 /* Supporting Files */,
			);
			path = iRadio;
			sourceTree = "<group>";
		};
		F5F739FF188093F2009DD284 /* Supporting Files */ = {
			isa = PBXGroup;
			children = (
				F5F73A00188093F2009DD284 /* iRadio-Info.plist */,
				F5F73A01188093F2009DD284 /* InfoPlist.strings */,
				F5F73A04188093F2009DD284 /* main.m */,
				F5F73A06188093F2009DD284 /* iRadio-Prefix.pch */,
			);
			name = "Supporting Files";
			sourceTree = "<group>";
		};
		F5F73A30188094D8009DD284 /* AdMob */ = {
			isa = PBXGroup;
			children = (
				F5F73A31188094D8009DD284 /* GADAdMobExtras.h */,
				F5F73A32188094D9009DD284 /* GADAdNetworkExtras.h */,
				F5F73A33188094D9009DD284 /* GADAdSize.h */,
				F5F73A34188094D9009DD284 /* GADBannerView.h */,
				F5F73A35188094D9009DD284 /* GADBannerViewDelegate.h */,
				F5F73A36188094D9009DD284 /* GADInterstitial.h */,
				F5F73A37188094D9009DD284 /* GADInterstitialDelegate.h */,
				F5F73A38188094D9009DD284 /* GADRequest.h */,
				F5F73A39188094D9009DD284 /* GADRequestError.h */,
				F5F73A3A188094D9009DD284 /* GADSearchBannerView.h */,
				F5F73A3B188094D9009DD284 /* GADSearchRequest.h */,
			);
			path = AdMob;
			sourceTree = "<group>";
		};
		F5F73A3D188094D9009DD284 /* Classes */ = {
			isa = PBXGroup;
			children = (
				F5F73A3E188094D9009DD284 /* comContactViewController.h */,
				F5F73A3F188094D9009DD284 /* comContactViewController.m */,
				F5F73A40188094D9009DD284 /* comFavoriteViewController.h */,
				F5F73A41188094D9009DD284 /* comFavoriteViewController.m */,
				F5F73A42188094D9009DD284 /* comInfoViewController.h */,
				F5F73A43188094D9009DD284 /* comInfoViewController.m */,
				F5F73A46188094D9009DD284 /* comListenViewController.h */,
				F5F73A47188094D9009DD284 /* comListenViewController.m */,
				F5F73A48188094D9009DD284 /* comPlayerViewController.h */,
				F5F73A49188094D9009DD284 /* comPlayerViewController.m */,
				F5F73A4A188094D9009DD284 /* comRadiaListViewController.h */,
				F5F73A4B188094D9009DD284 /* comRadiaListViewController.m */,
				F5F73A4C188094D9009DD284 /* comWebViewController.h */,
				F5F73A4D188094D9009DD284 /* comWebViewController.m */,
			);
			path = Classes;
			sourceTree = "<group>";
		};
		F5F73A4E188094D9009DD284 /* Common */ = {
			isa = PBXGroup;
			children = (
				F5F73A4F188094D9009DD284 /* AsyncImageView.h */,
				F5F73A50188094D9009DD284 /* AsyncImageView.m */,
				F5F73A51188094D9009DD284 /* Reachability.h */,
				F5F73A52188094D9009DD284 /* Reachability.m */,
			);
			path = Common;
			sourceTree = "<group>";
		};
		F5F73A53188094D9009DD284 /* Player */ = {
			isa = PBXGroup;
			children = (
				F5F73A56188094D9009DD284 /* comPlayer.h */,
				F5F73A57188094D9009DD284 /* comPlayer.m */,
			);
			path = Player;
			sourceTree = "<group>";
		};
		F5F73A58188094D9009DD284 /* Storyboard */ = {
			isa = PBXGroup;
			children = (
				F5F73A59188094D9009DD284 /* Storyboard_iPad.storyboard */,
				F5F73A5A188094D9009DD284 /* Storyboard_IPhone.storyboard */,
			);
			path = Storyboard;
			sourceTree = "<group>";
		};
/* End PBXGroup section */

/* Begin PBXNativeTarget section */
		F5F739F4188093F2009DD284 /* iRadio */ = {
			isa = PBXNativeTarget;
			buildConfigurationList = F5F73A2A188093F3009DD284 /* Build configuration list for PBXNativeTarget "iRadio" */;
			buildPhases = (
				F5F739F1188093F2009DD284 /* Sources */,
				F5F739F2188093F2009DD284 /* Frameworks */,
				F5F739F3188093F2009DD284 /* Resources */,
			);
			buildRules = (
			);
			dependencies = (
			);
			name = iRadio;
			productName = iRadio;
			productReference = F5F739F5188093F2009DD284 /* iRadio.app */;
			productType = "com.apple.product-type.application";
		};
/* End PBXNativeTarget section */

/* Begin PBXProject section */
		F5F739ED188093F2009DD284 /* Project object */ = {
			isa = PBXProject;
			attributes = {
				CLASSPREFIX = com;
				LastUpgradeCheck = 0500;
				ORGANIZATIONNAME = "Jan Damek";
				TargetAttributes = {
					F5F739F4188093F2009DD284 = {
						DevelopmentTeam = GR74KSG8M9;
					};
				};
			};
			buildConfigurationList = F5F739F0188093F2009DD284 /* Build configuration list for PBXProject "iRadio" */;
			compatibilityVersion = "Xcode 3.2";
			developmentRegion = English;
			hasScannedForEncodings = 0;
			knownRegions = (
				en,
				Base,
			);
			mainGroup = F5F739EC188093F2009DD284;
			productRefGroup = F5F739F6188093F2009DD284 /* Products */;
			projectDirPath = "";
			projectRoot = "";
			targets = (
				F5F739F4188093F2009DD284 /* iRadio */,
			);
		};
/* End PBXProject section */

/* Begin PBXResourcesBuildPhase section */
		F5F739F3188093F2009DD284 /* Resources */ = {
			isa = PBXResourcesBuildPhase;
			buildActionMask = 2147483647;
			files = (
				F5F73A14188093F2009DD284 /* Images.xcassets in Resources */,
				F5F73A03188093F2009DD284 /* InfoPlist.strings in Resources */,
				F5F73A69188094D9009DD284 /* Storyboard_IPhone.storyboard in Resources */,
				F5F73A68188094D9009DD284 /* Storyboard_iPad.storyboard in Resources */,
			);
			runOnlyForDeploymentPostprocessing = 0;
		};
/* End PBXResourcesBuildPhase section */

/* Begin PBXSourcesBuildPhase section */
		F5F739F1188093F2009DD284 /* Sources */ = {
			isa = PBXSourcesBuildPhase;
			buildActionMask = 2147483647;
			files = (
				F5F73A60188094D9009DD284 /* comListenViewController.m in Sources */,
				F5F73A5D188094D9009DD284 /* comFavoriteViewController.m in Sources */,
				F5F73A5E188094D9009DD284 /* comInfoViewController.m in Sources */,
				F5F73A5C188094D9009DD284 /* comContactViewController.m in Sources */,
				F5F73A64188094D9009DD284 /* AsyncImageView.m in Sources */,
				F5F73A62188094D9009DD284 /* comRadiaListViewController.m in Sources */,
				F5F73A09188093F2009DD284 /* comAppDelegate.m in Sources */,
				F5F73A63188094D9009DD284 /* comWebViewController.m in Sources */,
				F5F73A05188093F2009DD284 /* main.m in Sources */,
				F5F73A65188094D9009DD284 /* Reachability.m in Sources */,
				F5F73A67188094D9009DD284 /* comPlayer.m in Sources */,
				F5F73A61188094D9009DD284 /* comPlayerViewController.m in Sources */,
			);
			runOnlyForDeploymentPostprocessing = 0;
		};
/* End PBXSourcesBuildPhase section */

/* Begin PBXVariantGroup section */
		F5F73A01188093F2009DD284 /* InfoPlist.strings */ = {
			isa = PBXVariantGroup;
			children = (
				F5F73A02188093F2009DD284 /* en */,
			);
			name = InfoPlist.strings;
			sourceTree = "<group>";
		};
/* End PBXVariantGroup section */

/* Begin XCBuildConfiguration section */
		F5F73A28188093F3009DD284 /* Debug */ = {
			isa = XCBuildConfiguration;
			buildSettings = {
				ALWAYS_SEARCH_USER_PATHS = NO;
				ARCHS = "$(ARCHS_STANDARD_INCLUDING_64_BIT)";
				CLANG_CXX_LANGUAGE_STANDARD = "gnu++0x";
				CLANG_CXX_LIBRARY = "libc++";
				CLANG_ENABLE_MODULES = YES;
				CLANG_ENABLE_OBJC_ARC = YES;
				CLANG_WARN_BOOL_CONVERSION = YES;
				CLANG_WARN_CONSTANT_CONVERSION = YES;
				CLANG_WARN_DIRECT_OBJC_ISA_USAGE = YES_ERROR;
				CLANG_WARN_EMPTY_BODY = YES;
				CLANG_WARN_ENUM_CONVERSION = YES;
				CLANG_WARN_INT_CONVERSION = YES;
				CLANG_WARN_OBJC_ROOT_CLASS = YES_ERROR;
				CLANG_WARN__DUPLICATE_METHOD_MATCH = YES;
				"CODE_SIGN_IDENTITY[sdk=iphoneos*]" = "iPhone Developer";
				COPY_PHASE_STRIP = NO;
				GCC_C_LANGUAGE_STANDARD = gnu99;
				GCC_DYNAMIC_NO_PIC = NO;
				GCC_OPTIMIZATION_LEVEL = 0;
				GCC_PREPROCESSOR_DEFINITIONS = (
					"DEBUG=1",
					"$(inherited)",
				);
				GCC_SYMBOLS_PRIVATE_EXTERN = NO;
				GCC_WARN_64_TO_32_BIT_CONVERSION = YES;
				GCC_WARN_ABOUT_RETURN_TYPE = YES_ERROR;
				GCC_WARN_UNDECLARED_SELECTOR = YES;
				GCC_WARN_UNINITIALIZED_AUTOS = YES;
				GCC_WARN_UNUSED_FUNCTION = YES;
				GCC_WARN_UNUSED_VARIABLE = YES;
				IPHONEOS_DEPLOYMENT_TARGET = 7.0;
				ONLY_ACTIVE_ARCH = YES;
				SDKROOT = iphoneos;
				TARGETED_DEVICE_FAMILY = "1,2";
			};
			name = Debug;
		};
		F5F73A29188093F3009DD284 /* Release */ = {
			isa = XCBuildConfiguration;
			buildSettings = {
				ALWAYS_SEARCH_USER_PATHS = NO;
				ARCHS = "$(ARCHS_STANDARD_INCLUDING_64_BIT)";
				CLANG_CXX_LANGUAGE_STANDARD = "gnu++0x";
				CLANG_CXX_LIBRARY = "libc++";
				CLANG_ENABLE_MODULES = YES;
				CLANG_ENABLE_OBJC_ARC = YES;
				CLANG_WARN_BOOL_CONVERSION = YES;
				CLANG_WARN_CONSTANT_CONVERSION = YES;
				CLANG_WARN_DIRECT_OBJC_ISA_USAGE = YES_ERROR;
				CLANG_WARN_EMPTY_BODY = YES;
				CLANG_WARN_ENUM_CONVERSION = YES;
				CLANG_WARN_INT_CONVERSION = YES;
				CLANG_WARN_OBJC_ROOT_CLASS = YES_ERROR;
				CLANG_WARN__DUPLICATE_METHOD_MATCH = YES;
				"CODE_SIGN_IDENTITY[sdk=iphoneos*]" = "iPhone Developer";
				COPY_PHASE_STRIP = YES;
				ENABLE_NS_ASSERTIONS = NO;
				GCC_C_LANGUAGE_STANDARD = gnu99;
				GCC_WARN_64_TO_32_BIT_CONVERSION = YES;
				GCC_WARN_ABOUT_RETURN_TYPE = YES_ERROR;
				GCC_WARN_UNDECLARED_SELECTOR = YES;
				GCC_WARN_UNINITIALIZED_AUTOS = YES;
				GCC_WARN_UNUSED_FUNCTION = YES;
				GCC_WARN_UNUSED_VARIABLE = YES;
				IPHONEOS_DEPLOYMENT_TARGET = 7.0;
				SDKROOT = iphoneos;
				TARGETED_DEVICE_FAMILY = "1,2";
				VALIDATE_PRODUCT = YES;
			};
			name = Release;
		};
		F5F73A2B188093F3009DD284 /* Debug */ = {
			isa = XCBuildConfiguration;
			buildSettings = {
				ASSETCATALOG_COMPILER_APPICON_NAME = AppIcon;
				ASSETCATALOG_COMPILER_LAUNCHIMAGE_NAME = LaunchImage;
				CODE_SIGN_IDENTITY = "iPhone Developer";
				GCC_PRECOMPILE_PREFIX_HEADER = YES;
				GCC_PREFIX_HEADER = "iRadio/iRadio-Prefix.pch";
				INFOPLIST_FILE = "iRadio/iRadio-Info.plist";
				LIBRARY_SEARCH_PATHS = (
					"$(inherited)",
					/Users/jandamek/Desktop/iRadio/iRadio/AdMob,
				);
				PRODUCT_NAME = "$(TARGET_NAME)";
				WRAPPER_EXTENSION = app;
			};
			name = Debug;
		};
		F5F73A2C188093F3009DD284 /* Release */ = {
			isa = XCBuildConfiguration;
			buildSettings = {
				ASSETCATALOG_COMPILER_APPICON_NAME = AppIcon;
				ASSETCATALOG_COMPILER_LAUNCHIMAGE_NAME = LaunchImage;
				CODE_SIGN_IDENTITY = "iPhone Developer";
				GCC_PRECOMPILE_PREFIX_HEADER = YES;
				GCC_PREFIX_HEADER = "iRadio/iRadio-Prefix.pch";
				INFOPLIST_FILE = "iRadio/iRadio-Info.plist";
				LIBRARY_SEARCH_PATHS = (
					"$(inherited)",
					/Users/jandamek/Desktop/iRadio/iRadio/AdMob,
				);
				PRODUCT_NAME = "$(TARGET_NAME)";
				WRAPPER_EXTENSION = app;
			};
			name = Release;
		};
/* End XCBuildConfiguration section */

/* Begin XCConfigurationList section */
		F5F739F0188093F2009DD284 /* Build configuration list for PBXProject "iRadio" */ = {
			isa = XCConfigurationList;
			buildConfigurations = (
				F5F73A28188093F3009DD284 /* Debug */,
				F5F73A29188093F3009DD284 /* Release */,
			);
			defaultConfigurationIsVisible = 0;
			defaultConfigurationName = Release;
		};
		F5F73A2A188093F3009DD284 /* Build configuration list for PBXNativeTarget "iRadio" */ = {
			isa = XCConfigurationList;
			buildConfigurations = (
				F5F73A2B188093F3009DD284 /* Debug */,
				F5F73A2C188093F3009DD284 /* Release */,
			);
			defaultConfigurationIsVisible = 0;
		};
/* End XCConfigurationList section */
	};
	rootObject = F5F739ED188093F2009DD284 /* Project object */;
}
